<?xml version="1.0" encoding="utf-8"?>
<Project ToolsVersion="4.0" xmlns="http://schemas.microsoft.com/developer/msbuild/2003">
  <ItemGroup>
    <ClCompile Include="..\includes\glad\glad.c">
      <Filter>头文件</Filter>
    </ClCompile>
    <ClCompile Include="Textures.cpp">
      <Filter>源文件</Filter>
    </ClCompile>
    <ClCompile Include="..\includes\StbImage\stb_image.cpp">
      <Filter>源文件</Filter>
    </ClCompile>
  </ItemGroup>
  <ItemGroup>
    <ClInclude Include="..\includes\StbImage\stb_image.h">
      <Filter>头文件</Filter>
    </ClInclude>
    <ClInclude Include="Textures.h">
      <Filter>头文件</Filter>
    </ClInclude>
  </ItemGroup>
  <ItemGroup>
    <Filter Include="头文件">
      <UniqueIdentifier>{06734d3b-7151-4d39-a46a-51fe7f49d10d}</UniqueIdentifier>
    </Filter>
    <Filter Include="源文件">
      <UniqueIdentifier>{973964ca-d8a6-4630-8bfb-65c8f0cdc47a}</UniqueIdentifier>
    </Filter>
  </ItemGroup>
</Project>