<?xml version="1.0" encoding="utf-8"?>
<Project ToolsVersion="4.0" xmlns="http://schemas.microsoft.com/developer/msbuild/2003">
  <ItemGroup>
    <ClCompile Include="..\includes\glad\glad.c">
      <Filter>头文件</Filter>
    </ClCompile>
    <ClCompile Include="..\includes\StbImage\stb_image.cpp">
      <Filter>源文件</Filter>
    </ClCompile>
    <ClCompile Include="LightCastersPoint.cpp">
      <Filter>源文件</Filter>
    </ClCompile>
  </ItemGroup>
  <ItemGroup>
    <ClInclude Include="LightCastersPoint.h">
      <Filter>头文件</Filter>
    </ClInclude>
    <ClInclude Include="..\includes\StbImage\stb_image.h">
      <Filter>头文件</Filter>
    </ClInclude>
  </ItemGroup>
  <ItemGroup>
    <Filter Include="头文件">
      <UniqueIdentifier>{08b9f248-1d2e-4540-a202-5adb1f16dca0}</UniqueIdentifier>
    </Filter>
    <Filter Include="源文件">
      <UniqueIdentifier>{f885562a-d145-42dc-95a2-041527ac01a3}</UniqueIdentifier>
    </Filter>
  </ItemGroup>
</Project>