<?xml version="1.0" encoding="utf-8"?>
<Project ToolsVersion="4.0" xmlns="http://schemas.microsoft.com/developer/msbuild/2003">
  <ItemGroup>
    <ClCompile Include="TexturesCombined.cpp">
      <Filter>源文件</Filter>
    </ClCompile>
    <ClCompile Include="..\includes\StbImage\stb_image.cpp">
      <Filter>源文件</Filter>
    </ClCompile>
    <ClCompile Include="..\includes\glad\glad.c">
      <Filter>头文件</Filter>
    </ClCompile>
  </ItemGroup>
  <ItemGroup>
    <ClInclude Include="TexturesCombined.h">
      <Filter>头文件</Filter>
    </ClInclude>
  </ItemGroup>
  <ItemGroup>
    <Filter Include="头文件">
      <UniqueIdentifier>{a5005b4e-d741-4f63-a9cb-ee2450e97492}</UniqueIdentifier>
    </Filter>
    <Filter Include="源文件">
      <UniqueIdentifier>{0b49b610-f4fd-4e79-bd13-8bfcc902cbfd}</UniqueIdentifier>
    </Filter>
  </ItemGroup>
</Project>