<?xml version="1.0" encoding="utf-8"?>
<Project ToolsVersion="4.0" xmlns="http://schemas.microsoft.com/developer/msbuild/2003">
  <ItemGroup>
    <ClCompile Include="..\libs\c\glad.c">
      <Filter>资源文件</Filter>
    </ClCompile>
    <ClCompile Include="HelloWindows.cpp">
      <Filter>源文件</Filter>
    </ClCompile>
  </ItemGroup>
  <ItemGroup>
    <Filter Include="源文件">
      <UniqueIdentifier>{776cd00f-9014-46e9-b1b9-3de4a35d04a8}</UniqueIdentifier>
    </Filter>
    <Filter Include="头文件">
      <UniqueIdentifier>{77ab827a-7275-4363-ab78-faf842610318}</UniqueIdentifier>
    </Filter>
    <Filter Include="资源文件">
      <UniqueIdentifier>{14d3c84e-e946-4ecf-8975-bf3709828366}</UniqueIdentifier>
    </Filter>
  </ItemGroup>
  <ItemGroup>
    <ClInclude Include="HelloWindows.h">
      <Filter>头文件</Filter>
    </ClInclude>
  </ItemGroup>
</Project>