<?xml version="1.0" encoding="utf-8"?>
<Project ToolsVersion="17.0" xmlns="http://schemas.microsoft.com/developer/msbuild/2003">
  <ItemGroup>
    <ClCompile Include="D:\GitProject\OpenGL\LearnOpenGL-master\src\4.advanced_opengl\6.2.cubemaps_environment_mapping\cubemaps_environment_mapping.cpp">
      <Filter>Source Files</Filter>
    </ClCompile>
  </ItemGroup>
  <ItemGroup>
    <CustomBuild Include="D:\GitProject\OpenGL\LearnOpenGL-master\CMakeLists.txt" />
  </ItemGroup>
  <ItemGroup>
    <None Include="D:\GitProject\OpenGL\LearnOpenGL-master\src\4.advanced_opengl\6.2.cubemaps_environment_mapping\6.2.cubemaps.fs" />
    <None Include="D:\GitProject\OpenGL\LearnOpenGL-master\src\4.advanced_opengl\6.2.cubemaps_environment_mapping\6.2.cubemaps.vs" />
    <None Include="D:\GitProject\OpenGL\LearnOpenGL-master\src\4.advanced_opengl\6.2.cubemaps_environment_mapping\6.2.skybox.fs" />
    <None Include="D:\GitProject\OpenGL\LearnOpenGL-master\src\4.advanced_opengl\6.2.cubemaps_environment_mapping\6.2.skybox.vs" />
  </ItemGroup>
  <ItemGroup>
    <Filter Include="Source Files">
      <UniqueIdentifier>{78DC7501-DAF0-3F87-ACCA-60D8C2AA6D77}</UniqueIdentifier>
    </Filter>
  </ItemGroup>
</Project>
