<?xml version="1.0" encoding="utf-8"?>
<Project ToolsVersion="17.0" xmlns="http://schemas.microsoft.com/developer/msbuild/2003">
  <ItemGroup>
    <ClCompile Include="D:\GitProject\OpenGL\LearnOpenGL-master\src\5.advanced_lighting\8.1.deferred_shading\deferred_shading.cpp">
      <Filter>Source Files</Filter>
    </ClCompile>
  </ItemGroup>
  <ItemGroup>
    <CustomBuild Include="D:\GitProject\OpenGL\LearnOpenGL-master\CMakeLists.txt" />
  </ItemGroup>
  <ItemGroup>
    <None Include="D:\GitProject\OpenGL\LearnOpenGL-master\src\5.advanced_lighting\8.1.deferred_shading\8.1.deferred_light_box.fs" />
    <None Include="D:\GitProject\OpenGL\LearnOpenGL-master\src\5.advanced_lighting\8.1.deferred_shading\8.1.deferred_light_box.vs" />
    <None Include="D:\GitProject\OpenGL\LearnOpenGL-master\src\5.advanced_lighting\8.1.deferred_shading\8.1.deferred_shading.fs" />
    <None Include="D:\GitProject\OpenGL\LearnOpenGL-master\src\5.advanced_lighting\8.1.deferred_shading\8.1.deferred_shading.vs" />
    <None Include="D:\GitProject\OpenGL\LearnOpenGL-master\src\5.advanced_lighting\8.1.deferred_shading\8.1.fbo_debug.fs" />
    <None Include="D:\GitProject\OpenGL\LearnOpenGL-master\src\5.advanced_lighting\8.1.deferred_shading\8.1.fbo_debug.vs" />
    <None Include="D:\GitProject\OpenGL\LearnOpenGL-master\src\5.advanced_lighting\8.1.deferred_shading\8.1.g_buffer.fs" />
    <None Include="D:\GitProject\OpenGL\LearnOpenGL-master\src\5.advanced_lighting\8.1.deferred_shading\8.1.g_buffer.vs" />
  </ItemGroup>
  <ItemGroup>
    <Filter Include="Source Files">
      <UniqueIdentifier>{78DC7501-DAF0-3F87-ACCA-60D8C2AA6D77}</UniqueIdentifier>
    </Filter>
  </ItemGroup>
</Project>
