<?xml version="1.0" encoding="utf-8"?>
<Project ToolsVersion="17.0" xmlns="http://schemas.microsoft.com/developer/msbuild/2003">
  <ItemGroup>
    <CustomBuild Include="D:\GitProject\OpenGL\LearnOpenGL\CMakeFiles\e207573816d43e8e9439aa905283416d\generate.stamp.rule">
      <Filter>CMake Rules</Filter>
    </CustomBuild>
  </ItemGroup>
  <ItemGroup>
    <Filter Include="CMake Rules">
      <UniqueIdentifier>{D7D151CA-569D-3A81-BAA6-46AEAAC58F12}</UniqueIdentifier>
    </Filter>
  </ItemGroup>
</Project>
