<?xml version="1.0" encoding="utf-8"?>
<Project ToolsVersion="4.0" xmlns="http://schemas.microsoft.com/developer/msbuild/2003">
  <ItemGroup>
    <ClCompile Include="..\includes\glad\glad.c">
      <Filter>资源文件</Filter>
    </ClCompile>
    <ClCompile Include="..\includes\StbImage\stb_image.cpp">
      <Filter>资源文件</Filter>
    </ClCompile>
    <ClCompile Include="TexturesCombined.cpp">
      <Filter>源文件</Filter>
    </ClCompile>
  </ItemGroup>
  <ItemGroup>
    <ClInclude Include="..\includes\LearnOpenGL\Shader_s.h">
      <Filter>资源文件</Filter>
    </ClInclude>
    <ClInclude Include="..\includes\LearnOpenGL\filesystem.h">
      <Filter>资源文件</Filter>
    </ClInclude>
    <ClInclude Include="TexturesCombined.h">
      <Filter>头文件</Filter>
    </ClInclude>
  </ItemGroup>
  <ItemGroup>
    <Filter Include="资源文件">
      <UniqueIdentifier>{09e598a6-1540-4b16-a4a2-61891792211f}</UniqueIdentifier>
    </Filter>
    <Filter Include="头文件">
      <UniqueIdentifier>{ad43999e-963f-4756-8735-539c4a348f11}</UniqueIdentifier>
    </Filter>
    <Filter Include="源文件">
      <UniqueIdentifier>{3727667e-625e-487e-a63f-bc55948cd640}</UniqueIdentifier>
    </Filter>
  </ItemGroup>
</Project>