
Microsoft Visual Studio Solution File, Format Version 12.00
# Visual Studio Version 17
VisualStudioVersion = 17.10.35122.118
MinimumVisualStudioVersion = 10.0.40219.1
Project("{8BC9CEB8-8B4A-11D0-8D11-00A0C91BC942}") = "01_HelloWindows", "01_HelloWindows\01_HelloWindows.vcxproj", "{D0AB44D4-D59F-41B2-9D88-F68ECF8E88C9}"
EndProject
Project("{8BC9CEB8-8B4A-11D0-8D11-00A0C91BC942}") = "01_HelloTriangle", "01_HelloTriangle\01_HelloTriangle.vcxproj", "{FEB5D46B-018C-4E51-A002-56DE68BEE81B}"
EndProject
Project("{8BC9CEB8-8B4A-11D0-8D11-00A0C91BC942}") = "Test", "Test\Test.vcxproj", "{46DD9532-DE6B-47AA-9200-D29444D5ED0B}"
EndProject
Global
	GlobalSection(SolutionConfigurationPlatforms) = preSolution
		Debug|x64 = Debug|x64
		Debug|x86 = Debug|x86
		Release|x64 = Release|x64
		Release|x86 = Release|x86
	EndGlobalSection
	GlobalSection(ProjectConfigurationPlatforms) = postSolution
		{D0AB44D4-D59F-41B2-9D88-F68ECF8E88C9}.Debug|x64.ActiveCfg = Debug|x64
		{D0AB44D4-D59F-41B2-9D88-F68ECF8E88C9}.Debug|x64.Build.0 = Debug|x64
		{D0AB44D4-D59F-41B2-9D88-F68ECF8E88C9}.Debug|x86.ActiveCfg = Debug|Win32
		{D0AB44D4-D59F-41B2-9D88-F68ECF8E88C9}.Debug|x86.Build.0 = Debug|Win32
		{D0AB44D4-D59F-41B2-9D88-F68ECF8E88C9}.Release|x64.ActiveCfg = Release|x64
		{D0AB44D4-D59F-41B2-9D88-F68ECF8E88C9}.Release|x64.Build.0 = Release|x64
		{D0AB44D4-D59F-41B2-9D88-F68ECF8E88C9}.Release|x86.ActiveCfg = Release|Win32
		{D0AB44D4-D59F-41B2-9D88-F68ECF8E88C9}.Release|x86.Build.0 = Release|Win32
		{FEB5D46B-018C-4E51-A002-56DE68BEE81B}.Debug|x64.ActiveCfg = Debug|x64
		{FEB5D46B-018C-4E51-A002-56DE68BEE81B}.Debug|x64.Build.0 = Debug|x64
		{FEB5D46B-018C-4E51-A002-56DE68BEE81B}.Debug|x86.ActiveCfg = Debug|Win32
		{FEB5D46B-018C-4E51-A002-56DE68BEE81B}.Debug|x86.Build.0 = Debug|Win32
		{FEB5D46B-018C-4E51-A002-56DE68BEE81B}.Release|x64.ActiveCfg = Release|x64
		{FEB5D46B-018C-4E51-A002-56DE68BEE81B}.Release|x64.Build.0 = Release|x64
		{FEB5D46B-018C-4E51-A002-56DE68BEE81B}.Release|x86.ActiveCfg = Release|Win32
		{FEB5D46B-018C-4E51-A002-56DE68BEE81B}.Release|x86.Build.0 = Release|Win32
		{46DD9532-DE6B-47AA-9200-D29444D5ED0B}.Debug|x64.ActiveCfg = Debug|x64
		{46DD9532-DE6B-47AA-9200-D29444D5ED0B}.Debug|x64.Build.0 = Debug|x64
		{46DD9532-DE6B-47AA-9200-D29444D5ED0B}.Debug|x86.ActiveCfg = Debug|Win32
		{46DD9532-DE6B-47AA-9200-D29444D5ED0B}.Debug|x86.Build.0 = Debug|Win32
		{46DD9532-DE6B-47AA-9200-D29444D5ED0B}.Release|x64.ActiveCfg = Release|x64
		{46DD9532-DE6B-47AA-9200-D29444D5ED0B}.Release|x64.Build.0 = Release|x64
		{46DD9532-DE6B-47AA-9200-D29444D5ED0B}.Release|x86.ActiveCfg = Release|Win32
		{46DD9532-DE6B-47AA-9200-D29444D5ED0B}.Release|x86.Build.0 = Release|Win32
	EndGlobalSection
	GlobalSection(SolutionProperties) = preSolution
		HideSolutionNode = FALSE
	EndGlobalSection
	GlobalSection(ExtensibilityGlobals) = postSolution
		SolutionGuid = {157ED797-3273-476F-B4CA-7CB538F722B1}
	EndGlobalSection
EndGlobal
