
Microsoft Visual Studio Solution File, Format Version 12.00
# Visual Studio Version 17
VisualStudioVersion = 17.10.35122.118
MinimumVisualStudioVersion = 10.0.40219.1
Project("{8BC9CEB8-8B4A-11D0-8D11-00A0C91BC942}") = "ConsoleApplication1", "ConsoleApplication1\ConsoleApplication1.vcxproj", "{A8F0B38A-4180-4AE8-9720-287F29E1DC39}"
EndProject
Project("{8BC9CEB8-8B4A-11D0-8D11-00A0C91BC942}") = "01_07_Transformations", "01_07_Transformations\01_07_Transformations.vcxproj", "{5D88E8C0-15F0-45FA-A0F7-310BFCDE05F2}"
EndProject
Project("{8BC9CEB8-8B4A-11D0-8D11-00A0C91BC942}") = "01_04_HelloTriangle", "01_04_HelloTriangle\01_04_HelloTriangle.vcxproj", "{FEB5D46B-018C-4E51-A002-56DE68BEE81B}"
EndProject
Project("{8BC9CEB8-8B4A-11D0-8D11-00A0C91BC942}") = "01_04_HelloTriangle_Exercise1", "01_04_HelloTriangle_Exercise1\01_04_HelloTriangle_Exercise1.vcxproj", "{FE5B23AF-2E86-42C6-AA55-90F16BF25CD7}"
EndProject
Project("{8BC9CEB8-8B4A-11D0-8D11-00A0C91BC942}") = "01_04_HelloTriangle_Exercise2", "01_04_HelloTriangle_Exercise2\01_04_HelloTriangle_Exercise2.vcxproj", "{5C373546-9CA9-4D61-9763-3AE42F6A92EA}"
EndProject
Project("{8BC9CEB8-8B4A-11D0-8D11-00A0C91BC942}") = "01_04_HelloTriangle_Exercise3", "01_04_HelloTriangle_Exercise3\01_04_HelloTriangle_Exercise3.vcxproj", "{E27DE357-7119-4532-95F3-7398690224B8}"
EndProject
Project("{8BC9CEB8-8B4A-11D0-8D11-00A0C91BC942}") = "01_04_HelloTriangleIndex", "01_04_HelloTriangleIndex\01_04_HelloTriangleIndex.vcxproj", "{32C546C5-EA6C-4416-A259-823BCA6058E0}"
EndProject
Project("{8BC9CEB8-8B4A-11D0-8D11-00A0C91BC942}") = "01_03_HelloWindows", "01_03_HelloWindows\01_03_HelloWindows.vcxproj", "{3F50598B-8759-45F1-AC08-5E55090433BB}"
EndProject
Project("{8BC9CEB8-8B4A-11D0-8D11-00A0C91BC942}") = "01_06_Textures", "01_06_Textures\01_06_Textures.vcxproj", "{0A17F459-46BB-4BB5-99C8-B00221F289BB}"
EndProject
Project("{8BC9CEB8-8B4A-11D0-8D11-00A0C91BC942}") = "01_06_Textures_Surround", "01_06_Textures_Surround\01_06_Textures_Surround.vcxproj", "{B1554D58-1B6B-47C1-9B89-B12E23E6D397}"
EndProject
Project("{8BC9CEB8-8B4A-11D0-8D11-00A0C91BC942}") = "01_06_TexturesCombined", "01_06_TexturesCombined\01_06_TexturesCombined.vcxproj", "{904A8584-E0BD-452F-BC12-E8ED73DF06D7}"
EndProject
Project("{8BC9CEB8-8B4A-11D0-8D11-00A0C91BC942}") = "01_06_TexturesTriangle", "01_06_TexturesTriangle\01_06_TexturesTriangle.vcxproj", "{29E3AED5-4506-492A-ACFD-0B204A5F1316}"
EndProject
Project("{8BC9CEB8-8B4A-11D0-8D11-00A0C91BC942}") = "01_07_Transformations_Exercise2", "01_07_Transformations_Exercise2\01_07_Transformations_Exercise2.vcxproj", "{0E4ACB68-F38C-47A0-8B8E-13FA7B52BB6C}"
EndProject
Project("{8BC9CEB8-8B4A-11D0-8D11-00A0C91BC942}") = "01_08_CoordinateSystems", "01_08_CoordinateSystems\01_08_CoordinateSystems.vcxproj", "{028B6B7A-695D-4F9F-89B1-7E30B9E2D1B3}"
EndProject
Project("{8BC9CEB8-8B4A-11D0-8D11-00A0C91BC942}") = "01_08_CoordinateSystemsDepth", "01_08_CoordinateSystemsDepth\01_08_CoordinateSystemsDepth.vcxproj", "{E846E544-990E-4B14-99B0-A33A520CDA37}"
EndProject
Project("{8BC9CEB8-8B4A-11D0-8D11-00A0C91BC942}") = "01_08_CoordinateSystemsMultiple", "01_08_CoordinateSystemsMultiple\01_08_CoordinateSystemsMultiple.vcxproj", "{F8DE7C0B-81AF-4E28-A8AB-D871A1A63262}"
EndProject
Project("{8BC9CEB8-8B4A-11D0-8D11-00A0C91BC942}") = "01_08_CoordinateSystemsMultiple_Exercise", "01_08_CoordinateSystemsMultiple_Exercise\01_08_CoordinateSystemsMultiple_Exercise.vcxproj", "{7ADF14A9-E3AE-463D-8F4C-588870377AB1}"
EndProject
Project("{8BC9CEB8-8B4A-11D0-8D11-00A0C91BC942}") = "01_09_CameraCircle", "01_09_CameraCircle\01_09_CameraCircle.vcxproj", "{CB194966-0FA4-49E9-B9C1-AB607282EC5B}"
EndProject
Project("{8BC9CEB8-8B4A-11D0-8D11-00A0C91BC942}") = "01_09_CameraKeyboard", "01_09_CameraKeyboard\01_09_CameraKeyboard.vcxproj", "{7C7B480C-C93A-4BFB-A5E8-205A3B0A71C1}"
EndProject
Project("{8BC9CEB8-8B4A-11D0-8D11-00A0C91BC942}") = "01_09_CameraMouseRoom", "01_09_CameraMouseRoom\01_09_CameraMouseRoom.vcxproj", "{757BB072-ED36-4350-9B34-21EE5AF1C6A3}"
EndProject
Project("{8BC9CEB8-8B4A-11D0-8D11-00A0C91BC942}") = "01_09_CameraClass", "01_09_CameraClass\01_09_CameraClass.vcxproj", "{92A5DE7E-FEFC-49A2-98C8-66616596A5E1}"
EndProject
Project("{8BC9CEB8-8B4A-11D0-8D11-00A0C91BC942}") = "02_01_LightColor", "02_01_LightColor\02_01_LightColor.vcxproj", "{005D416A-D978-4501-A997-A8DF891EB732}"
EndProject
Project("{8BC9CEB8-8B4A-11D0-8D11-00A0C91BC942}") = "02_02_01_BasicLightingDiffuse", "02_02_01_BasicLightingDiffuse\02_02_01_BasicLightingDiffuse.vcxproj", "{8F9A3DBA-80E8-4092-BE40-3471B2CD57D8}"
EndProject
Project("{8BC9CEB8-8B4A-11D0-8D11-00A0C91BC942}") = "02_02_02_BasicLightingSpecular", "02_02_02_BasicLightingSpecular\02_02_02_BasicLightingSpecular.vcxproj", "{B6ECEBF8-63CB-4D0E-B228-7DBAE7559D40}"
EndProject
Project("{8BC9CEB8-8B4A-11D0-8D11-00A0C91BC942}") = "02_03_Materials_Exercise", "02_03_Materials\02_03_Materials.vcxproj", "{CB2BA665-7E48-49A2-AD82-11A2500649D0}"
EndProject
Project("{8BC9CEB8-8B4A-11D0-8D11-00A0C91BC942}") = "02_03_Materials", "02_03_Materials_Exercise\02_03_Materials_Exercise.vcxproj", "{0A472A8E-AEFF-4C98-B2CC-2168384A7766}"
EndProject
Project("{8BC9CEB8-8B4A-11D0-8D11-00A0C91BC942}") = "02_04_01_LightingMapsDiffuse", "02_04_01_LightingMapsDiffuseMap\02_04_01_LightingMapsDiffuseMap.vcxproj", "{AEF93CEC-BF0E-4FE8-A586-C8D71D3876C9}"
EndProject
Project("{8BC9CEB8-8B4A-11D0-8D11-00A0C91BC942}") = "02_04_02_LightingSpecularDiffuse", "02_04_02_LightingMapsSpecularMap\02_04_02_LightingMapsSpecularMap.vcxproj", "{C854CDDF-A094-451B-905D-817B205B4ABD}"
EndProject
Project("{8BC9CEB8-8B4A-11D0-8D11-00A0C91BC942}") = "02_04_02_LightingSpecularDiffuse_Exercise", "02_04_02_LightingMapsSpecularMap_Exercise\02_04_02_LightingMapsSpecularMap_Exercise.vcxproj", "{B1E59956-D284-4397-AEDA-250E7A07DEE2}"
EndProject
Project("{8BC9CEB8-8B4A-11D0-8D11-00A0C91BC942}") = "02_05_01_LightCastersDirectional", "02_05_01_LightCastersDirectional\02_05_01_LightCastersDirectional.vcxproj", "{20E2936D-EB5D-4C0C-A8F8-6190EBEFD61D}"
EndProject
Project("{8BC9CEB8-8B4A-11D0-8D11-00A0C91BC942}") = "02_05_02_LightCastersPoint", "02_05_02_LightCastersPoint\02_05_02_LightCastersPoint.vcxproj", "{429F9267-CB73-4DBC-9554-D304FE1DC6A2}"
EndProject
Project("{8BC9CEB8-8B4A-11D0-8D11-00A0C91BC942}") = "02_05_03_LightCastersSpot", "02_05_03_LightCastersSpot\02_05_03_LightCastersSpot.vcxproj", "{DD1C1A30-D5C6-42CD-B3AE-201A70B0A5B3}"
EndProject
Project("{8BC9CEB8-8B4A-11D0-8D11-00A0C91BC942}") = "02_05_04_LightCastersSpotSoft", "02_05_04_LightCastersSpotSoft\02_05_04_LightCastersSpotSoft.vcxproj", "{F4ED5733-26EA-420B-BBF6-8255FC6F4D4A}"
EndProject
Project("{8BC9CEB8-8B4A-11D0-8D11-00A0C91BC942}") = "02_06_MultipleLights", "02_06_MultipleLights\02_06_MultipleLights.vcxproj", "{80ACBA6F-44CA-48E1-93D8-04EEE118AAE6}"
EndProject
Project("{8BC9CEB8-8B4A-11D0-8D11-00A0C91BC942}") = "01_05_01_ShaderUniform", "01_05_01_ShaderUniform\01_05_01_ShaderUniform.vcxproj", "{473313B1-7497-480F-AD7E-8F40538C1B48}"
EndProject
Project("{8BC9CEB8-8B4A-11D0-8D11-00A0C91BC942}") = "01_05_02_ShaderInterpolation", "01_05_02_ShaderInterpolation\01_05_02_ShaderInterpolation.vcxproj", "{5B94C27B-2696-4702-AD05-2B5E81A26AF4}"
EndProject
Project("{8BC9CEB8-8B4A-11D0-8D11-00A0C91BC942}") = "01_05_03_ShaderClass", "01_05_03_ShaderClass\01_05_03_ShaderClass.vcxproj", "{01717B6D-D0CB-4716-A2C6-F3418FB1241E}"
EndProject
Project("{8BC9CEB8-8B4A-11D0-8D11-00A0C91BC942}") = "03_01_ModelLoading", "03_01_ModelLoading\03_01_ModelLoading.vcxproj", "{61F4865D-AB82-46DF-90B9-66B4BE8026D9}"
EndProject
Project("{8BC9CEB8-8B4A-11D0-8D11-00A0C91BC942}") = "04_01_01_DepthTesting", "04_01_01_DepthTesting\04_01_01_DepthTesting.vcxproj", "{5E67B56A-F23F-403A-BB93-97158722055E}"
EndProject
Project("{8BC9CEB8-8B4A-11D0-8D11-00A0C91BC942}") = "04_02_01_StencilTesting", "04_02_01_StencilTesting\04_02_01_StencilTesting.vcxproj", "{62F6E2ED-8E37-4ACE-8A3B-FC0BFC42D0A0}"
EndProject
Project("{8BC9CEB8-8B4A-11D0-8D11-00A0C91BC942}") = "04_03_01_BlendingDiscard", "04_03_01_BlendingDiscard\04_03_01_BlendingDiscard.vcxproj", "{9711C38C-DEDC-4A17-8FDB-46D80FEF603E}"
EndProject
Project("{8BC9CEB8-8B4A-11D0-8D11-00A0C91BC942}") = "04_03_02_BlendingSort", "04_03_02_BlendingSort\04_03_02_BlendingSort.vcxproj", "{3948DF63-E14A-4E24-8CBD-C6479C910A0C}"
EndProject
Project("{8BC9CEB8-8B4A-11D0-8D11-00A0C91BC942}") = "04_04_01_FaceCulling", "04_04_01_FaceCulling\04_04_01_FaceCulling.vcxproj", "{DD2F4CB6-9BFB-4681-8688-75E1C202060B}"
EndProject
Project("{8BC9CEB8-8B4A-11D0-8D11-00A0C91BC942}") = "04_05_01_FrameBuffers", "04_05_01_FrameBuffers\04_05_01_FrameBuffers.vcxproj", "{E75A8897-2019-4349-8A45-D03ECD23D2EE}"
EndProject
Project("{8BC9CEB8-8B4A-11D0-8D11-00A0C91BC942}") = "04_01_02_DepthTestingView", "04_01_02_DepthTestingView\04_01_02_DepthTestingView.vcxproj", "{B5EE5163-E596-4D98-AC9B-4A63787FE6CD}"
EndProject
Project("{8BC9CEB8-8B4A-11D0-8D11-00A0C91BC942}") = "04_05_02_FrameBuffers_Exercise", "04_05_02_FrameBuffers_Exercise\04_05_02_FrameBuffers_Exercise.vcxproj", "{5A25D2FF-24C5-4EAD-928F-2F4E29839F62}"
EndProject
Project("{8BC9CEB8-8B4A-11D0-8D11-00A0C91BC942}") = "04_02_02_StencilTestingTest", "04_02_02_StencilTestingTest\04_02_02_StencilTestingTest.vcxproj", "{F2CD474A-6554-4A65-93DF-D8F05718F036}"
EndProject
Project("{8BC9CEB8-8B4A-11D0-8D11-00A0C91BC942}") = "04_03_03_BlendingSortTest", "04_03_03_BlendingSortTest\04_03_03_BlendingSortTest.vcxproj", "{31E89068-C9B4-4E30-893A-66EBC0FBE11A}"
EndProject
Project("{2150E333-8FDC-42A3-9474-1A3956D46DE8}") = "01", "01", "{A3CE707E-FE3D-4917-B327-86393791557D}"
EndProject
Project("{2150E333-8FDC-42A3-9474-1A3956D46DE8}") = "02", "02", "{5EB7C434-8FFB-4643-8708-A9B7546E9380}"
EndProject
Project("{2150E333-8FDC-42A3-9474-1A3956D46DE8}") = "04", "04", "{4272ABA9-C48F-4F67-8E64-519BA7FF0222}"
EndProject
Project("{2150E333-8FDC-42A3-9474-1A3956D46DE8}") = "03", "03", "{16885536-958C-4DD7-8CD1-FDECDDBD4F7D}"
EndProject
Project("{8BC9CEB8-8B4A-11D0-8D11-00A0C91BC942}") = "04_06_01_CubeMapsSkybox", "04_06_01_CubeMapsSkybox\04_06_01_CubeMapsSkybox.vcxproj", "{AA6EFA2D-9A9D-4178-9B8D-93DFAE819C8E}"
EndProject
Project("{8BC9CEB8-8B4A-11D0-8D11-00A0C91BC942}") = "04_05_01_FrameBuffersTest", "04_05_01_FrameBuffersTest\04_05_01_FrameBuffersTest.vcxproj", "{052B5C5C-F27B-42A4-A175-6A6F7A042E5C}"
EndProject
Project("{8BC9CEB8-8B4A-11D0-8D11-00A0C91BC942}") = "04_06_02_CubeMapSenvironmentMapping", "04_06_02_CubeMapSenvironmentMapping\04_06_02_CubeMapSenvironmentMapping.vcxproj", "{CB2654CD-553A-4C1F-BEF5-0D30624B0B8B}"
EndProject
Project("{8BC9CEB8-8B4A-11D0-8D11-00A0C91BC942}") = "04_07_01_AdvancedData", "04_07_01_AdvancedData\04_07_01_AdvancedData.vcxproj", "{3C7DFC58-8CD7-4D1D-91C2-DFA07661DEC9}"
EndProject
Project("{8BC9CEB8-8B4A-11D0-8D11-00A0C91BC942}") = "04_07_02_AdvancedDataBatchVertices", "04_07_02_AdvancedDataBatchVertices\04_07_02_AdvancedDataBatchVertices.vcxproj", "{04E2D4E9-E94F-4824-B796-B8DD98F6748F}"
EndProject
Project("{8BC9CEB8-8B4A-11D0-8D11-00A0C91BC942}") = "04_07_03_AdvancedDataCopyBuffer", "04_07_03_AdvancedDataCopyBuffer\04_07_03_AdvancedDataCopyBuffer.vcxproj", "{69B1DAEE-5ABC-43E2-85BC-1541DC1BB2FB}"
EndProject
Project("{8BC9CEB8-8B4A-11D0-8D11-00A0C91BC942}") = "04_08_01_UniformBufferObj", "04_08_01_UniformBufferObj\04_08_01_UniformBufferObj.vcxproj", "{8C676639-B94E-4393-96D6-D3F8E450F541}"
EndProject
Project("{8BC9CEB8-8B4A-11D0-8D11-00A0C91BC942}") = "04_08_02_UniformBufferObj_gl_VertexID", "04_08_02_UniformBufferObj_gl_VertexID\04_08_02_UniformBufferObj_gl_VertexID.vcxproj", "{893BF85F-A4A1-4032-ACAC-CF0B6A3CA136}"
EndProject
Project("{8BC9CEB8-8B4A-11D0-8D11-00A0C91BC942}") = "04_08_03_UniformBufferObj_gl_FrontFacing", "04_08_03_UniformBufferObj_gl_FrontFacing\04_08_03_UniformBufferObj_gl_FrontFacing.vcxproj", "{37DE655A-6099-4369-83C7-1D9B27B04D8B}"
EndProject
Project("{8BC9CEB8-8B4A-11D0-8D11-00A0C91BC942}") = "04_08_04_UniformBufferObj_gl_FragDepth", "04_08_04_UniformBufferObj_gl_FragDepth\04_08_04_UniformBufferObj_gl_FragDepth.vcxproj", "{5F25FA7E-BF01-4B0D-962E-B8AE01952898}"
EndProject
Project("{8BC9CEB8-8B4A-11D0-8D11-00A0C91BC942}") = "04_08_05_UniformBufferObj_InterfaceBlock", "04_08_05_UniformBufferObj_InterfaceBlock\04_08_05_UniformBufferObj_InterfaceBlock.vcxproj", "{37BD1E6C-309A-40A1-B8E1-06EC2AC555FB}"
EndProject
Project("{8BC9CEB8-8B4A-11D0-8D11-00A0C91BC942}") = "04_08_06_UniformBufferObj_Uniform", "04_08_06_UniformBufferObj_Uniform\04_08_06_UniformBufferObj_Uniform.vcxproj", "{8D9DE9C4-108D-4649-A0CA-6F4B90F49D13}"
EndProject
Project("{8BC9CEB8-8B4A-11D0-8D11-00A0C91BC942}") = "04_09_01_GeometryShaderHouses", "04_09_01_GeometryShaderHouses\04_09_01_GeometryShaderHouses.vcxproj", "{0FD44E0E-8A2A-4723-9EE1-4595720EC3F9}"
EndProject
Project("{8BC9CEB8-8B4A-11D0-8D11-00A0C91BC942}") = "04_09_01_GeometryShaderHousesTest", "04_09_01_GeometryShaderHousesTest\04_09_01_GeometryShaderHousesTest.vcxproj", "{E7D9E317-6152-4FFE-956D-CB63018959DC}"
EndProject
Project("{8BC9CEB8-8B4A-11D0-8D11-00A0C91BC942}") = "04_09_02_GeometryShaderExploding", "04_09_02_GeometryShaderExploding\04_09_02_GeometryShaderExploding.vcxproj", "{8BCBB1DC-17B1-4FD2-B3D5-FCD1EB665BC2}"
EndProject
Project("{8BC9CEB8-8B4A-11D0-8D11-00A0C91BC942}") = "04_09_03_GeometryShaderNormal", "04_09_03_GeometryShaderNormal\04_09_03_GeometryShaderNormal.vcxproj", "{30984291-A3C5-4CB9-B295-C82F311ED656}"
EndProject
Project("{8BC9CEB8-8B4A-11D0-8D11-00A0C91BC942}") = "04_09_02_GeometryShaderExplodingCube", "04_09_02_GeometryShaderExplodingCube\04_09_02_GeometryShaderExplodingCube.vcxproj", "{D7E35562-47E6-4AA3-A20F-4858FB582517}"
EndProject
Project("{8BC9CEB8-8B4A-11D0-8D11-00A0C91BC942}") = "04_10_01_InstancingQuads", "04_10_01_InstancingQuads\04_10_01_InstancingQuads.vcxproj", "{7F2E218F-AF6D-4E4D-885B-41F3C117F171}"
EndProject
Project("{8BC9CEB8-8B4A-11D0-8D11-00A0C91BC942}") = "04_10_02_InstancedArray", "04_10_02_InstancedArray\04_10_02_InstancedArray.vcxproj", "{E0D1FA75-BCF1-4469-9C48-F3C39FD3E1F1}"
EndProject
Project("{8BC9CEB8-8B4A-11D0-8D11-00A0C91BC942}") = "04_10_03_Asteroids", "04_10_03_Asteroids\04_10_03_Asteroids.vcxproj", "{9439071A-A857-42CA-BC0F-B5EF63C33D63}"
EndProject
Global
	GlobalSection(SolutionConfigurationPlatforms) = preSolution
		Debug|x64 = Debug|x64
		Debug|x86 = Debug|x86
		Release|x64 = Release|x64
		Release|x86 = Release|x86
	EndGlobalSection
	GlobalSection(ProjectConfigurationPlatforms) = postSolution
		{A8F0B38A-4180-4AE8-9720-287F29E1DC39}.Debug|x64.ActiveCfg = Debug|x64
		{A8F0B38A-4180-4AE8-9720-287F29E1DC39}.Debug|x64.Build.0 = Debug|x64
		{A8F0B38A-4180-4AE8-9720-287F29E1DC39}.Debug|x86.ActiveCfg = Debug|Win32
		{A8F0B38A-4180-4AE8-9720-287F29E1DC39}.Debug|x86.Build.0 = Debug|Win32
		{A8F0B38A-4180-4AE8-9720-287F29E1DC39}.Release|x64.ActiveCfg = Release|x64
		{A8F0B38A-4180-4AE8-9720-287F29E1DC39}.Release|x64.Build.0 = Release|x64
		{A8F0B38A-4180-4AE8-9720-287F29E1DC39}.Release|x86.ActiveCfg = Release|Win32
		{A8F0B38A-4180-4AE8-9720-287F29E1DC39}.Release|x86.Build.0 = Release|Win32
		{5D88E8C0-15F0-45FA-A0F7-310BFCDE05F2}.Debug|x64.ActiveCfg = Debug|x64
		{5D88E8C0-15F0-45FA-A0F7-310BFCDE05F2}.Debug|x64.Build.0 = Debug|x64
		{5D88E8C0-15F0-45FA-A0F7-310BFCDE05F2}.Debug|x86.ActiveCfg = Debug|Win32
		{5D88E8C0-15F0-45FA-A0F7-310BFCDE05F2}.Debug|x86.Build.0 = Debug|Win32
		{5D88E8C0-15F0-45FA-A0F7-310BFCDE05F2}.Release|x64.ActiveCfg = Release|x64
		{5D88E8C0-15F0-45FA-A0F7-310BFCDE05F2}.Release|x64.Build.0 = Release|x64
		{5D88E8C0-15F0-45FA-A0F7-310BFCDE05F2}.Release|x86.ActiveCfg = Release|Win32
		{5D88E8C0-15F0-45FA-A0F7-310BFCDE05F2}.Release|x86.Build.0 = Release|Win32
		{FEB5D46B-018C-4E51-A002-56DE68BEE81B}.Debug|x64.ActiveCfg = Debug|x64
		{FEB5D46B-018C-4E51-A002-56DE68BEE81B}.Debug|x64.Build.0 = Debug|x64
		{FEB5D46B-018C-4E51-A002-56DE68BEE81B}.Debug|x86.ActiveCfg = Debug|Win32
		{FEB5D46B-018C-4E51-A002-56DE68BEE81B}.Debug|x86.Build.0 = Debug|Win32
		{FEB5D46B-018C-4E51-A002-56DE68BEE81B}.Release|x64.ActiveCfg = Release|x64
		{FEB5D46B-018C-4E51-A002-56DE68BEE81B}.Release|x64.Build.0 = Release|x64
		{FEB5D46B-018C-4E51-A002-56DE68BEE81B}.Release|x86.ActiveCfg = Release|Win32
		{FEB5D46B-018C-4E51-A002-56DE68BEE81B}.Release|x86.Build.0 = Release|Win32
		{FE5B23AF-2E86-42C6-AA55-90F16BF25CD7}.Debug|x64.ActiveCfg = Debug|x64
		{FE5B23AF-2E86-42C6-AA55-90F16BF25CD7}.Debug|x64.Build.0 = Debug|x64
		{FE5B23AF-2E86-42C6-AA55-90F16BF25CD7}.Debug|x86.ActiveCfg = Debug|Win32
		{FE5B23AF-2E86-42C6-AA55-90F16BF25CD7}.Debug|x86.Build.0 = Debug|Win32
		{FE5B23AF-2E86-42C6-AA55-90F16BF25CD7}.Release|x64.ActiveCfg = Release|x64
		{FE5B23AF-2E86-42C6-AA55-90F16BF25CD7}.Release|x64.Build.0 = Release|x64
		{FE5B23AF-2E86-42C6-AA55-90F16BF25CD7}.Release|x86.ActiveCfg = Release|Win32
		{FE5B23AF-2E86-42C6-AA55-90F16BF25CD7}.Release|x86.Build.0 = Release|Win32
		{5C373546-9CA9-4D61-9763-3AE42F6A92EA}.Debug|x64.ActiveCfg = Debug|x64
		{5C373546-9CA9-4D61-9763-3AE42F6A92EA}.Debug|x64.Build.0 = Debug|x64
		{5C373546-9CA9-4D61-9763-3AE42F6A92EA}.Debug|x86.ActiveCfg = Debug|Win32
		{5C373546-9CA9-4D61-9763-3AE42F6A92EA}.Debug|x86.Build.0 = Debug|Win32
		{5C373546-9CA9-4D61-9763-3AE42F6A92EA}.Release|x64.ActiveCfg = Release|x64
		{5C373546-9CA9-4D61-9763-3AE42F6A92EA}.Release|x64.Build.0 = Release|x64
		{5C373546-9CA9-4D61-9763-3AE42F6A92EA}.Release|x86.ActiveCfg = Release|Win32
		{5C373546-9CA9-4D61-9763-3AE42F6A92EA}.Release|x86.Build.0 = Release|Win32
		{E27DE357-7119-4532-95F3-7398690224B8}.Debug|x64.ActiveCfg = Debug|x64
		{E27DE357-7119-4532-95F3-7398690224B8}.Debug|x64.Build.0 = Debug|x64
		{E27DE357-7119-4532-95F3-7398690224B8}.Debug|x86.ActiveCfg = Debug|Win32
		{E27DE357-7119-4532-95F3-7398690224B8}.Debug|x86.Build.0 = Debug|Win32
		{E27DE357-7119-4532-95F3-7398690224B8}.Release|x64.ActiveCfg = Release|x64
		{E27DE357-7119-4532-95F3-7398690224B8}.Release|x64.Build.0 = Release|x64
		{E27DE357-7119-4532-95F3-7398690224B8}.Release|x86.ActiveCfg = Release|Win32
		{E27DE357-7119-4532-95F3-7398690224B8}.Release|x86.Build.0 = Release|Win32
		{32C546C5-EA6C-4416-A259-823BCA6058E0}.Debug|x64.ActiveCfg = Debug|x64
		{32C546C5-EA6C-4416-A259-823BCA6058E0}.Debug|x64.Build.0 = Debug|x64
		{32C546C5-EA6C-4416-A259-823BCA6058E0}.Debug|x86.ActiveCfg = Debug|Win32
		{32C546C5-EA6C-4416-A259-823BCA6058E0}.Debug|x86.Build.0 = Debug|Win32
		{32C546C5-EA6C-4416-A259-823BCA6058E0}.Release|x64.ActiveCfg = Release|x64
		{32C546C5-EA6C-4416-A259-823BCA6058E0}.Release|x64.Build.0 = Release|x64
		{32C546C5-EA6C-4416-A259-823BCA6058E0}.Release|x86.ActiveCfg = Release|Win32
		{32C546C5-EA6C-4416-A259-823BCA6058E0}.Release|x86.Build.0 = Release|Win32
		{3F50598B-8759-45F1-AC08-5E55090433BB}.Debug|x64.ActiveCfg = Debug|x64
		{3F50598B-8759-45F1-AC08-5E55090433BB}.Debug|x64.Build.0 = Debug|x64
		{3F50598B-8759-45F1-AC08-5E55090433BB}.Debug|x86.ActiveCfg = Debug|Win32
		{3F50598B-8759-45F1-AC08-5E55090433BB}.Debug|x86.Build.0 = Debug|Win32
		{3F50598B-8759-45F1-AC08-5E55090433BB}.Release|x64.ActiveCfg = Release|x64
		{3F50598B-8759-45F1-AC08-5E55090433BB}.Release|x64.Build.0 = Release|x64
		{3F50598B-8759-45F1-AC08-5E55090433BB}.Release|x86.ActiveCfg = Release|Win32
		{3F50598B-8759-45F1-AC08-5E55090433BB}.Release|x86.Build.0 = Release|Win32
		{0A17F459-46BB-4BB5-99C8-B00221F289BB}.Debug|x64.ActiveCfg = Debug|x64
		{0A17F459-46BB-4BB5-99C8-B00221F289BB}.Debug|x64.Build.0 = Debug|x64
		{0A17F459-46BB-4BB5-99C8-B00221F289BB}.Debug|x86.ActiveCfg = Debug|Win32
		{0A17F459-46BB-4BB5-99C8-B00221F289BB}.Debug|x86.Build.0 = Debug|Win32
		{0A17F459-46BB-4BB5-99C8-B00221F289BB}.Release|x64.ActiveCfg = Release|x64
		{0A17F459-46BB-4BB5-99C8-B00221F289BB}.Release|x64.Build.0 = Release|x64
		{0A17F459-46BB-4BB5-99C8-B00221F289BB}.Release|x86.ActiveCfg = Release|Win32
		{0A17F459-46BB-4BB5-99C8-B00221F289BB}.Release|x86.Build.0 = Release|Win32
		{B1554D58-1B6B-47C1-9B89-B12E23E6D397}.Debug|x64.ActiveCfg = Debug|x64
		{B1554D58-1B6B-47C1-9B89-B12E23E6D397}.Debug|x64.Build.0 = Debug|x64
		{B1554D58-1B6B-47C1-9B89-B12E23E6D397}.Debug|x86.ActiveCfg = Debug|Win32
		{B1554D58-1B6B-47C1-9B89-B12E23E6D397}.Debug|x86.Build.0 = Debug|Win32
		{B1554D58-1B6B-47C1-9B89-B12E23E6D397}.Release|x64.ActiveCfg = Release|x64
		{B1554D58-1B6B-47C1-9B89-B12E23E6D397}.Release|x64.Build.0 = Release|x64
		{B1554D58-1B6B-47C1-9B89-B12E23E6D397}.Release|x86.ActiveCfg = Release|Win32
		{B1554D58-1B6B-47C1-9B89-B12E23E6D397}.Release|x86.Build.0 = Release|Win32
		{904A8584-E0BD-452F-BC12-E8ED73DF06D7}.Debug|x64.ActiveCfg = Debug|x64
		{904A8584-E0BD-452F-BC12-E8ED73DF06D7}.Debug|x64.Build.0 = Debug|x64
		{904A8584-E0BD-452F-BC12-E8ED73DF06D7}.Debug|x86.ActiveCfg = Debug|Win32
		{904A8584-E0BD-452F-BC12-E8ED73DF06D7}.Debug|x86.Build.0 = Debug|Win32
		{904A8584-E0BD-452F-BC12-E8ED73DF06D7}.Release|x64.ActiveCfg = Release|x64
		{904A8584-E0BD-452F-BC12-E8ED73DF06D7}.Release|x64.Build.0 = Release|x64
		{904A8584-E0BD-452F-BC12-E8ED73DF06D7}.Release|x86.ActiveCfg = Release|Win32
		{904A8584-E0BD-452F-BC12-E8ED73DF06D7}.Release|x86.Build.0 = Release|Win32
		{29E3AED5-4506-492A-ACFD-0B204A5F1316}.Debug|x64.ActiveCfg = Debug|x64
		{29E3AED5-4506-492A-ACFD-0B204A5F1316}.Debug|x64.Build.0 = Debug|x64
		{29E3AED5-4506-492A-ACFD-0B204A5F1316}.Debug|x86.ActiveCfg = Debug|Win32
		{29E3AED5-4506-492A-ACFD-0B204A5F1316}.Debug|x86.Build.0 = Debug|Win32
		{29E3AED5-4506-492A-ACFD-0B204A5F1316}.Release|x64.ActiveCfg = Release|x64
		{29E3AED5-4506-492A-ACFD-0B204A5F1316}.Release|x64.Build.0 = Release|x64
		{29E3AED5-4506-492A-ACFD-0B204A5F1316}.Release|x86.ActiveCfg = Release|Win32
		{29E3AED5-4506-492A-ACFD-0B204A5F1316}.Release|x86.Build.0 = Release|Win32
		{0E4ACB68-F38C-47A0-8B8E-13FA7B52BB6C}.Debug|x64.ActiveCfg = Debug|x64
		{0E4ACB68-F38C-47A0-8B8E-13FA7B52BB6C}.Debug|x64.Build.0 = Debug|x64
		{0E4ACB68-F38C-47A0-8B8E-13FA7B52BB6C}.Debug|x86.ActiveCfg = Debug|Win32
		{0E4ACB68-F38C-47A0-8B8E-13FA7B52BB6C}.Debug|x86.Build.0 = Debug|Win32
		{0E4ACB68-F38C-47A0-8B8E-13FA7B52BB6C}.Release|x64.ActiveCfg = Release|x64
		{0E4ACB68-F38C-47A0-8B8E-13FA7B52BB6C}.Release|x64.Build.0 = Release|x64
		{0E4ACB68-F38C-47A0-8B8E-13FA7B52BB6C}.Release|x86.ActiveCfg = Release|Win32
		{0E4ACB68-F38C-47A0-8B8E-13FA7B52BB6C}.Release|x86.Build.0 = Release|Win32
		{028B6B7A-695D-4F9F-89B1-7E30B9E2D1B3}.Debug|x64.ActiveCfg = Debug|x64
		{028B6B7A-695D-4F9F-89B1-7E30B9E2D1B3}.Debug|x64.Build.0 = Debug|x64
		{028B6B7A-695D-4F9F-89B1-7E30B9E2D1B3}.Debug|x86.ActiveCfg = Debug|Win32
		{028B6B7A-695D-4F9F-89B1-7E30B9E2D1B3}.Debug|x86.Build.0 = Debug|Win32
		{028B6B7A-695D-4F9F-89B1-7E30B9E2D1B3}.Release|x64.ActiveCfg = Release|x64
		{028B6B7A-695D-4F9F-89B1-7E30B9E2D1B3}.Release|x64.Build.0 = Release|x64
		{028B6B7A-695D-4F9F-89B1-7E30B9E2D1B3}.Release|x86.ActiveCfg = Release|Win32
		{028B6B7A-695D-4F9F-89B1-7E30B9E2D1B3}.Release|x86.Build.0 = Release|Win32
		{E846E544-990E-4B14-99B0-A33A520CDA37}.Debug|x64.ActiveCfg = Debug|x64
		{E846E544-990E-4B14-99B0-A33A520CDA37}.Debug|x64.Build.0 = Debug|x64
		{E846E544-990E-4B14-99B0-A33A520CDA37}.Debug|x86.ActiveCfg = Debug|Win32
		{E846E544-990E-4B14-99B0-A33A520CDA37}.Debug|x86.Build.0 = Debug|Win32
		{E846E544-990E-4B14-99B0-A33A520CDA37}.Release|x64.ActiveCfg = Release|x64
		{E846E544-990E-4B14-99B0-A33A520CDA37}.Release|x64.Build.0 = Release|x64
		{E846E544-990E-4B14-99B0-A33A520CDA37}.Release|x86.ActiveCfg = Release|Win32
		{E846E544-990E-4B14-99B0-A33A520CDA37}.Release|x86.Build.0 = Release|Win32
		{F8DE7C0B-81AF-4E28-A8AB-D871A1A63262}.Debug|x64.ActiveCfg = Debug|x64
		{F8DE7C0B-81AF-4E28-A8AB-D871A1A63262}.Debug|x64.Build.0 = Debug|x64
		{F8DE7C0B-81AF-4E28-A8AB-D871A1A63262}.Debug|x86.ActiveCfg = Debug|Win32
		{F8DE7C0B-81AF-4E28-A8AB-D871A1A63262}.Debug|x86.Build.0 = Debug|Win32
		{F8DE7C0B-81AF-4E28-A8AB-D871A1A63262}.Release|x64.ActiveCfg = Release|x64
		{F8DE7C0B-81AF-4E28-A8AB-D871A1A63262}.Release|x64.Build.0 = Release|x64
		{F8DE7C0B-81AF-4E28-A8AB-D871A1A63262}.Release|x86.ActiveCfg = Release|Win32
		{F8DE7C0B-81AF-4E28-A8AB-D871A1A63262}.Release|x86.Build.0 = Release|Win32
		{7ADF14A9-E3AE-463D-8F4C-588870377AB1}.Debug|x64.ActiveCfg = Debug|x64
		{7ADF14A9-E3AE-463D-8F4C-588870377AB1}.Debug|x64.Build.0 = Debug|x64
		{7ADF14A9-E3AE-463D-8F4C-588870377AB1}.Debug|x86.ActiveCfg = Debug|Win32
		{7ADF14A9-E3AE-463D-8F4C-588870377AB1}.Debug|x86.Build.0 = Debug|Win32
		{7ADF14A9-E3AE-463D-8F4C-588870377AB1}.Release|x64.ActiveCfg = Release|x64
		{7ADF14A9-E3AE-463D-8F4C-588870377AB1}.Release|x64.Build.0 = Release|x64
		{7ADF14A9-E3AE-463D-8F4C-588870377AB1}.Release|x86.ActiveCfg = Release|Win32
		{7ADF14A9-E3AE-463D-8F4C-588870377AB1}.Release|x86.Build.0 = Release|Win32
		{CB194966-0FA4-49E9-B9C1-AB607282EC5B}.Debug|x64.ActiveCfg = Debug|x64
		{CB194966-0FA4-49E9-B9C1-AB607282EC5B}.Debug|x64.Build.0 = Debug|x64
		{CB194966-0FA4-49E9-B9C1-AB607282EC5B}.Debug|x86.ActiveCfg = Debug|Win32
		{CB194966-0FA4-49E9-B9C1-AB607282EC5B}.Debug|x86.Build.0 = Debug|Win32
		{CB194966-0FA4-49E9-B9C1-AB607282EC5B}.Release|x64.ActiveCfg = Release|x64
		{CB194966-0FA4-49E9-B9C1-AB607282EC5B}.Release|x64.Build.0 = Release|x64
		{CB194966-0FA4-49E9-B9C1-AB607282EC5B}.Release|x86.ActiveCfg = Release|Win32
		{CB194966-0FA4-49E9-B9C1-AB607282EC5B}.Release|x86.Build.0 = Release|Win32
		{7C7B480C-C93A-4BFB-A5E8-205A3B0A71C1}.Debug|x64.ActiveCfg = Debug|x64
		{7C7B480C-C93A-4BFB-A5E8-205A3B0A71C1}.Debug|x64.Build.0 = Debug|x64
		{7C7B480C-C93A-4BFB-A5E8-205A3B0A71C1}.Debug|x86.ActiveCfg = Debug|Win32
		{7C7B480C-C93A-4BFB-A5E8-205A3B0A71C1}.Debug|x86.Build.0 = Debug|Win32
		{7C7B480C-C93A-4BFB-A5E8-205A3B0A71C1}.Release|x64.ActiveCfg = Release|x64
		{7C7B480C-C93A-4BFB-A5E8-205A3B0A71C1}.Release|x64.Build.0 = Release|x64
		{7C7B480C-C93A-4BFB-A5E8-205A3B0A71C1}.Release|x86.ActiveCfg = Release|Win32
		{7C7B480C-C93A-4BFB-A5E8-205A3B0A71C1}.Release|x86.Build.0 = Release|Win32
		{757BB072-ED36-4350-9B34-21EE5AF1C6A3}.Debug|x64.ActiveCfg = Debug|x64
		{757BB072-ED36-4350-9B34-21EE5AF1C6A3}.Debug|x64.Build.0 = Debug|x64
		{757BB072-ED36-4350-9B34-21EE5AF1C6A3}.Debug|x86.ActiveCfg = Debug|Win32
		{757BB072-ED36-4350-9B34-21EE5AF1C6A3}.Debug|x86.Build.0 = Debug|Win32
		{757BB072-ED36-4350-9B34-21EE5AF1C6A3}.Release|x64.ActiveCfg = Release|x64
		{757BB072-ED36-4350-9B34-21EE5AF1C6A3}.Release|x64.Build.0 = Release|x64
		{757BB072-ED36-4350-9B34-21EE5AF1C6A3}.Release|x86.ActiveCfg = Release|Win32
		{757BB072-ED36-4350-9B34-21EE5AF1C6A3}.Release|x86.Build.0 = Release|Win32
		{92A5DE7E-FEFC-49A2-98C8-66616596A5E1}.Debug|x64.ActiveCfg = Debug|x64
		{92A5DE7E-FEFC-49A2-98C8-66616596A5E1}.Debug|x64.Build.0 = Debug|x64
		{92A5DE7E-FEFC-49A2-98C8-66616596A5E1}.Debug|x86.ActiveCfg = Debug|Win32
		{92A5DE7E-FEFC-49A2-98C8-66616596A5E1}.Debug|x86.Build.0 = Debug|Win32
		{92A5DE7E-FEFC-49A2-98C8-66616596A5E1}.Release|x64.ActiveCfg = Release|x64
		{92A5DE7E-FEFC-49A2-98C8-66616596A5E1}.Release|x64.Build.0 = Release|x64
		{92A5DE7E-FEFC-49A2-98C8-66616596A5E1}.Release|x86.ActiveCfg = Release|Win32
		{92A5DE7E-FEFC-49A2-98C8-66616596A5E1}.Release|x86.Build.0 = Release|Win32
		{005D416A-D978-4501-A997-A8DF891EB732}.Debug|x64.ActiveCfg = Debug|x64
		{005D416A-D978-4501-A997-A8DF891EB732}.Debug|x64.Build.0 = Debug|x64
		{005D416A-D978-4501-A997-A8DF891EB732}.Debug|x86.ActiveCfg = Debug|Win32
		{005D416A-D978-4501-A997-A8DF891EB732}.Debug|x86.Build.0 = Debug|Win32
		{005D416A-D978-4501-A997-A8DF891EB732}.Release|x64.ActiveCfg = Release|x64
		{005D416A-D978-4501-A997-A8DF891EB732}.Release|x64.Build.0 = Release|x64
		{005D416A-D978-4501-A997-A8DF891EB732}.Release|x86.ActiveCfg = Release|Win32
		{005D416A-D978-4501-A997-A8DF891EB732}.Release|x86.Build.0 = Release|Win32
		{8F9A3DBA-80E8-4092-BE40-3471B2CD57D8}.Debug|x64.ActiveCfg = Debug|x64
		{8F9A3DBA-80E8-4092-BE40-3471B2CD57D8}.Debug|x64.Build.0 = Debug|x64
		{8F9A3DBA-80E8-4092-BE40-3471B2CD57D8}.Debug|x86.ActiveCfg = Debug|Win32
		{8F9A3DBA-80E8-4092-BE40-3471B2CD57D8}.Debug|x86.Build.0 = Debug|Win32
		{8F9A3DBA-80E8-4092-BE40-3471B2CD57D8}.Release|x64.ActiveCfg = Release|x64
		{8F9A3DBA-80E8-4092-BE40-3471B2CD57D8}.Release|x64.Build.0 = Release|x64
		{8F9A3DBA-80E8-4092-BE40-3471B2CD57D8}.Release|x86.ActiveCfg = Release|Win32
		{8F9A3DBA-80E8-4092-BE40-3471B2CD57D8}.Release|x86.Build.0 = Release|Win32
		{B6ECEBF8-63CB-4D0E-B228-7DBAE7559D40}.Debug|x64.ActiveCfg = Debug|x64
		{B6ECEBF8-63CB-4D0E-B228-7DBAE7559D40}.Debug|x64.Build.0 = Debug|x64
		{B6ECEBF8-63CB-4D0E-B228-7DBAE7559D40}.Debug|x86.ActiveCfg = Debug|Win32
		{B6ECEBF8-63CB-4D0E-B228-7DBAE7559D40}.Debug|x86.Build.0 = Debug|Win32
		{B6ECEBF8-63CB-4D0E-B228-7DBAE7559D40}.Release|x64.ActiveCfg = Release|x64
		{B6ECEBF8-63CB-4D0E-B228-7DBAE7559D40}.Release|x64.Build.0 = Release|x64
		{B6ECEBF8-63CB-4D0E-B228-7DBAE7559D40}.Release|x86.ActiveCfg = Release|Win32
		{B6ECEBF8-63CB-4D0E-B228-7DBAE7559D40}.Release|x86.Build.0 = Release|Win32
		{CB2BA665-7E48-49A2-AD82-11A2500649D0}.Debug|x64.ActiveCfg = Debug|x64
		{CB2BA665-7E48-49A2-AD82-11A2500649D0}.Debug|x64.Build.0 = Debug|x64
		{CB2BA665-7E48-49A2-AD82-11A2500649D0}.Debug|x86.ActiveCfg = Debug|Win32
		{CB2BA665-7E48-49A2-AD82-11A2500649D0}.Debug|x86.Build.0 = Debug|Win32
		{CB2BA665-7E48-49A2-AD82-11A2500649D0}.Release|x64.ActiveCfg = Release|x64
		{CB2BA665-7E48-49A2-AD82-11A2500649D0}.Release|x64.Build.0 = Release|x64
		{CB2BA665-7E48-49A2-AD82-11A2500649D0}.Release|x86.ActiveCfg = Release|Win32
		{CB2BA665-7E48-49A2-AD82-11A2500649D0}.Release|x86.Build.0 = Release|Win32
		{0A472A8E-AEFF-4C98-B2CC-2168384A7766}.Debug|x64.ActiveCfg = Debug|x64
		{0A472A8E-AEFF-4C98-B2CC-2168384A7766}.Debug|x64.Build.0 = Debug|x64
		{0A472A8E-AEFF-4C98-B2CC-2168384A7766}.Debug|x86.ActiveCfg = Debug|Win32
		{0A472A8E-AEFF-4C98-B2CC-2168384A7766}.Debug|x86.Build.0 = Debug|Win32
		{0A472A8E-AEFF-4C98-B2CC-2168384A7766}.Release|x64.ActiveCfg = Release|x64
		{0A472A8E-AEFF-4C98-B2CC-2168384A7766}.Release|x64.Build.0 = Release|x64
		{0A472A8E-AEFF-4C98-B2CC-2168384A7766}.Release|x86.ActiveCfg = Release|Win32
		{0A472A8E-AEFF-4C98-B2CC-2168384A7766}.Release|x86.Build.0 = Release|Win32
		{AEF93CEC-BF0E-4FE8-A586-C8D71D3876C9}.Debug|x64.ActiveCfg = Debug|x64
		{AEF93CEC-BF0E-4FE8-A586-C8D71D3876C9}.Debug|x64.Build.0 = Debug|x64
		{AEF93CEC-BF0E-4FE8-A586-C8D71D3876C9}.Debug|x86.ActiveCfg = Debug|Win32
		{AEF93CEC-BF0E-4FE8-A586-C8D71D3876C9}.Debug|x86.Build.0 = Debug|Win32
		{AEF93CEC-BF0E-4FE8-A586-C8D71D3876C9}.Release|x64.ActiveCfg = Release|x64
		{AEF93CEC-BF0E-4FE8-A586-C8D71D3876C9}.Release|x64.Build.0 = Release|x64
		{AEF93CEC-BF0E-4FE8-A586-C8D71D3876C9}.Release|x86.ActiveCfg = Release|Win32
		{AEF93CEC-BF0E-4FE8-A586-C8D71D3876C9}.Release|x86.Build.0 = Release|Win32
		{C854CDDF-A094-451B-905D-817B205B4ABD}.Debug|x64.ActiveCfg = Debug|x64
		{C854CDDF-A094-451B-905D-817B205B4ABD}.Debug|x64.Build.0 = Debug|x64
		{C854CDDF-A094-451B-905D-817B205B4ABD}.Debug|x86.ActiveCfg = Debug|Win32
		{C854CDDF-A094-451B-905D-817B205B4ABD}.Debug|x86.Build.0 = Debug|Win32
		{C854CDDF-A094-451B-905D-817B205B4ABD}.Release|x64.ActiveCfg = Release|x64
		{C854CDDF-A094-451B-905D-817B205B4ABD}.Release|x64.Build.0 = Release|x64
		{C854CDDF-A094-451B-905D-817B205B4ABD}.Release|x86.ActiveCfg = Release|Win32
		{C854CDDF-A094-451B-905D-817B205B4ABD}.Release|x86.Build.0 = Release|Win32
		{B1E59956-D284-4397-AEDA-250E7A07DEE2}.Debug|x64.ActiveCfg = Debug|x64
		{B1E59956-D284-4397-AEDA-250E7A07DEE2}.Debug|x64.Build.0 = Debug|x64
		{B1E59956-D284-4397-AEDA-250E7A07DEE2}.Debug|x86.ActiveCfg = Debug|Win32
		{B1E59956-D284-4397-AEDA-250E7A07DEE2}.Debug|x86.Build.0 = Debug|Win32
		{B1E59956-D284-4397-AEDA-250E7A07DEE2}.Release|x64.ActiveCfg = Release|x64
		{B1E59956-D284-4397-AEDA-250E7A07DEE2}.Release|x64.Build.0 = Release|x64
		{B1E59956-D284-4397-AEDA-250E7A07DEE2}.Release|x86.ActiveCfg = Release|Win32
		{B1E59956-D284-4397-AEDA-250E7A07DEE2}.Release|x86.Build.0 = Release|Win32
		{20E2936D-EB5D-4C0C-A8F8-6190EBEFD61D}.Debug|x64.ActiveCfg = Debug|x64
		{20E2936D-EB5D-4C0C-A8F8-6190EBEFD61D}.Debug|x64.Build.0 = Debug|x64
		{20E2936D-EB5D-4C0C-A8F8-6190EBEFD61D}.Debug|x86.ActiveCfg = Debug|Win32
		{20E2936D-EB5D-4C0C-A8F8-6190EBEFD61D}.Debug|x86.Build.0 = Debug|Win32
		{20E2936D-EB5D-4C0C-A8F8-6190EBEFD61D}.Release|x64.ActiveCfg = Release|x64
		{20E2936D-EB5D-4C0C-A8F8-6190EBEFD61D}.Release|x64.Build.0 = Release|x64
		{20E2936D-EB5D-4C0C-A8F8-6190EBEFD61D}.Release|x86.ActiveCfg = Release|Win32
		{20E2936D-EB5D-4C0C-A8F8-6190EBEFD61D}.Release|x86.Build.0 = Release|Win32
		{429F9267-CB73-4DBC-9554-D304FE1DC6A2}.Debug|x64.ActiveCfg = Debug|x64
		{429F9267-CB73-4DBC-9554-D304FE1DC6A2}.Debug|x64.Build.0 = Debug|x64
		{429F9267-CB73-4DBC-9554-D304FE1DC6A2}.Debug|x86.ActiveCfg = Debug|Win32
		{429F9267-CB73-4DBC-9554-D304FE1DC6A2}.Debug|x86.Build.0 = Debug|Win32
		{429F9267-CB73-4DBC-9554-D304FE1DC6A2}.Release|x64.ActiveCfg = Release|x64
		{429F9267-CB73-4DBC-9554-D304FE1DC6A2}.Release|x64.Build.0 = Release|x64
		{429F9267-CB73-4DBC-9554-D304FE1DC6A2}.Release|x86.ActiveCfg = Release|Win32
		{429F9267-CB73-4DBC-9554-D304FE1DC6A2}.Release|x86.Build.0 = Release|Win32
		{DD1C1A30-D5C6-42CD-B3AE-201A70B0A5B3}.Debug|x64.ActiveCfg = Debug|x64
		{DD1C1A30-D5C6-42CD-B3AE-201A70B0A5B3}.Debug|x64.Build.0 = Debug|x64
		{DD1C1A30-D5C6-42CD-B3AE-201A70B0A5B3}.Debug|x86.ActiveCfg = Debug|Win32
		{DD1C1A30-D5C6-42CD-B3AE-201A70B0A5B3}.Debug|x86.Build.0 = Debug|Win32
		{DD1C1A30-D5C6-42CD-B3AE-201A70B0A5B3}.Release|x64.ActiveCfg = Release|x64
		{DD1C1A30-D5C6-42CD-B3AE-201A70B0A5B3}.Release|x64.Build.0 = Release|x64
		{DD1C1A30-D5C6-42CD-B3AE-201A70B0A5B3}.Release|x86.ActiveCfg = Release|Win32
		{DD1C1A30-D5C6-42CD-B3AE-201A70B0A5B3}.Release|x86.Build.0 = Release|Win32
		{F4ED5733-26EA-420B-BBF6-8255FC6F4D4A}.Debug|x64.ActiveCfg = Debug|x64
		{F4ED5733-26EA-420B-BBF6-8255FC6F4D4A}.Debug|x64.Build.0 = Debug|x64
		{F4ED5733-26EA-420B-BBF6-8255FC6F4D4A}.Debug|x86.ActiveCfg = Debug|Win32
		{F4ED5733-26EA-420B-BBF6-8255FC6F4D4A}.Debug|x86.Build.0 = Debug|Win32
		{F4ED5733-26EA-420B-BBF6-8255FC6F4D4A}.Release|x64.ActiveCfg = Release|x64
		{F4ED5733-26EA-420B-BBF6-8255FC6F4D4A}.Release|x64.Build.0 = Release|x64
		{F4ED5733-26EA-420B-BBF6-8255FC6F4D4A}.Release|x86.ActiveCfg = Release|Win32
		{F4ED5733-26EA-420B-BBF6-8255FC6F4D4A}.Release|x86.Build.0 = Release|Win32
		{80ACBA6F-44CA-48E1-93D8-04EEE118AAE6}.Debug|x64.ActiveCfg = Debug|x64
		{80ACBA6F-44CA-48E1-93D8-04EEE118AAE6}.Debug|x64.Build.0 = Debug|x64
		{80ACBA6F-44CA-48E1-93D8-04EEE118AAE6}.Debug|x86.ActiveCfg = Debug|Win32
		{80ACBA6F-44CA-48E1-93D8-04EEE118AAE6}.Debug|x86.Build.0 = Debug|Win32
		{80ACBA6F-44CA-48E1-93D8-04EEE118AAE6}.Release|x64.ActiveCfg = Release|x64
		{80ACBA6F-44CA-48E1-93D8-04EEE118AAE6}.Release|x64.Build.0 = Release|x64
		{80ACBA6F-44CA-48E1-93D8-04EEE118AAE6}.Release|x86.ActiveCfg = Release|Win32
		{80ACBA6F-44CA-48E1-93D8-04EEE118AAE6}.Release|x86.Build.0 = Release|Win32
		{473313B1-7497-480F-AD7E-8F40538C1B48}.Debug|x64.ActiveCfg = Debug|x64
		{473313B1-7497-480F-AD7E-8F40538C1B48}.Debug|x64.Build.0 = Debug|x64
		{473313B1-7497-480F-AD7E-8F40538C1B48}.Debug|x86.ActiveCfg = Debug|Win32
		{473313B1-7497-480F-AD7E-8F40538C1B48}.Debug|x86.Build.0 = Debug|Win32
		{473313B1-7497-480F-AD7E-8F40538C1B48}.Release|x64.ActiveCfg = Release|x64
		{473313B1-7497-480F-AD7E-8F40538C1B48}.Release|x64.Build.0 = Release|x64
		{473313B1-7497-480F-AD7E-8F40538C1B48}.Release|x86.ActiveCfg = Release|Win32
		{473313B1-7497-480F-AD7E-8F40538C1B48}.Release|x86.Build.0 = Release|Win32
		{5B94C27B-2696-4702-AD05-2B5E81A26AF4}.Debug|x64.ActiveCfg = Debug|x64
		{5B94C27B-2696-4702-AD05-2B5E81A26AF4}.Debug|x64.Build.0 = Debug|x64
		{5B94C27B-2696-4702-AD05-2B5E81A26AF4}.Debug|x86.ActiveCfg = Debug|Win32
		{5B94C27B-2696-4702-AD05-2B5E81A26AF4}.Debug|x86.Build.0 = Debug|Win32
		{5B94C27B-2696-4702-AD05-2B5E81A26AF4}.Release|x64.ActiveCfg = Release|x64
		{5B94C27B-2696-4702-AD05-2B5E81A26AF4}.Release|x64.Build.0 = Release|x64
		{5B94C27B-2696-4702-AD05-2B5E81A26AF4}.Release|x86.ActiveCfg = Release|Win32
		{5B94C27B-2696-4702-AD05-2B5E81A26AF4}.Release|x86.Build.0 = Release|Win32
		{01717B6D-D0CB-4716-A2C6-F3418FB1241E}.Debug|x64.ActiveCfg = Debug|x64
		{01717B6D-D0CB-4716-A2C6-F3418FB1241E}.Debug|x64.Build.0 = Debug|x64
		{01717B6D-D0CB-4716-A2C6-F3418FB1241E}.Debug|x86.ActiveCfg = Debug|Win32
		{01717B6D-D0CB-4716-A2C6-F3418FB1241E}.Debug|x86.Build.0 = Debug|Win32
		{01717B6D-D0CB-4716-A2C6-F3418FB1241E}.Release|x64.ActiveCfg = Release|x64
		{01717B6D-D0CB-4716-A2C6-F3418FB1241E}.Release|x64.Build.0 = Release|x64
		{01717B6D-D0CB-4716-A2C6-F3418FB1241E}.Release|x86.ActiveCfg = Release|Win32
		{01717B6D-D0CB-4716-A2C6-F3418FB1241E}.Release|x86.Build.0 = Release|Win32
		{61F4865D-AB82-46DF-90B9-66B4BE8026D9}.Debug|x64.ActiveCfg = Debug|x64
		{61F4865D-AB82-46DF-90B9-66B4BE8026D9}.Debug|x64.Build.0 = Debug|x64
		{61F4865D-AB82-46DF-90B9-66B4BE8026D9}.Debug|x86.ActiveCfg = Debug|Win32
		{61F4865D-AB82-46DF-90B9-66B4BE8026D9}.Debug|x86.Build.0 = Debug|Win32
		{61F4865D-AB82-46DF-90B9-66B4BE8026D9}.Release|x64.ActiveCfg = Release|x64
		{61F4865D-AB82-46DF-90B9-66B4BE8026D9}.Release|x64.Build.0 = Release|x64
		{61F4865D-AB82-46DF-90B9-66B4BE8026D9}.Release|x86.ActiveCfg = Release|Win32
		{61F4865D-AB82-46DF-90B9-66B4BE8026D9}.Release|x86.Build.0 = Release|Win32
		{5E67B56A-F23F-403A-BB93-97158722055E}.Debug|x64.ActiveCfg = Debug|x64
		{5E67B56A-F23F-403A-BB93-97158722055E}.Debug|x64.Build.0 = Debug|x64
		{5E67B56A-F23F-403A-BB93-97158722055E}.Debug|x86.ActiveCfg = Debug|Win32
		{5E67B56A-F23F-403A-BB93-97158722055E}.Debug|x86.Build.0 = Debug|Win32
		{5E67B56A-F23F-403A-BB93-97158722055E}.Release|x64.ActiveCfg = Release|x64
		{5E67B56A-F23F-403A-BB93-97158722055E}.Release|x64.Build.0 = Release|x64
		{5E67B56A-F23F-403A-BB93-97158722055E}.Release|x86.ActiveCfg = Release|Win32
		{5E67B56A-F23F-403A-BB93-97158722055E}.Release|x86.Build.0 = Release|Win32
		{62F6E2ED-8E37-4ACE-8A3B-FC0BFC42D0A0}.Debug|x64.ActiveCfg = Debug|x64
		{62F6E2ED-8E37-4ACE-8A3B-FC0BFC42D0A0}.Debug|x64.Build.0 = Debug|x64
		{62F6E2ED-8E37-4ACE-8A3B-FC0BFC42D0A0}.Debug|x86.ActiveCfg = Debug|Win32
		{62F6E2ED-8E37-4ACE-8A3B-FC0BFC42D0A0}.Debug|x86.Build.0 = Debug|Win32
		{62F6E2ED-8E37-4ACE-8A3B-FC0BFC42D0A0}.Release|x64.ActiveCfg = Release|x64
		{62F6E2ED-8E37-4ACE-8A3B-FC0BFC42D0A0}.Release|x64.Build.0 = Release|x64
		{62F6E2ED-8E37-4ACE-8A3B-FC0BFC42D0A0}.Release|x86.ActiveCfg = Release|Win32
		{62F6E2ED-8E37-4ACE-8A3B-FC0BFC42D0A0}.Release|x86.Build.0 = Release|Win32
		{9711C38C-DEDC-4A17-8FDB-46D80FEF603E}.Debug|x64.ActiveCfg = Debug|x64
		{9711C38C-DEDC-4A17-8FDB-46D80FEF603E}.Debug|x64.Build.0 = Debug|x64
		{9711C38C-DEDC-4A17-8FDB-46D80FEF603E}.Debug|x86.ActiveCfg = Debug|Win32
		{9711C38C-DEDC-4A17-8FDB-46D80FEF603E}.Debug|x86.Build.0 = Debug|Win32
		{9711C38C-DEDC-4A17-8FDB-46D80FEF603E}.Release|x64.ActiveCfg = Release|x64
		{9711C38C-DEDC-4A17-8FDB-46D80FEF603E}.Release|x64.Build.0 = Release|x64
		{9711C38C-DEDC-4A17-8FDB-46D80FEF603E}.Release|x86.ActiveCfg = Release|Win32
		{9711C38C-DEDC-4A17-8FDB-46D80FEF603E}.Release|x86.Build.0 = Release|Win32
		{3948DF63-E14A-4E24-8CBD-C6479C910A0C}.Debug|x64.ActiveCfg = Debug|x64
		{3948DF63-E14A-4E24-8CBD-C6479C910A0C}.Debug|x64.Build.0 = Debug|x64
		{3948DF63-E14A-4E24-8CBD-C6479C910A0C}.Debug|x86.ActiveCfg = Debug|Win32
		{3948DF63-E14A-4E24-8CBD-C6479C910A0C}.Debug|x86.Build.0 = Debug|Win32
		{3948DF63-E14A-4E24-8CBD-C6479C910A0C}.Release|x64.ActiveCfg = Release|x64
		{3948DF63-E14A-4E24-8CBD-C6479C910A0C}.Release|x64.Build.0 = Release|x64
		{3948DF63-E14A-4E24-8CBD-C6479C910A0C}.Release|x86.ActiveCfg = Release|Win32
		{3948DF63-E14A-4E24-8CBD-C6479C910A0C}.Release|x86.Build.0 = Release|Win32
		{DD2F4CB6-9BFB-4681-8688-75E1C202060B}.Debug|x64.ActiveCfg = Debug|x64
		{DD2F4CB6-9BFB-4681-8688-75E1C202060B}.Debug|x64.Build.0 = Debug|x64
		{DD2F4CB6-9BFB-4681-8688-75E1C202060B}.Debug|x86.ActiveCfg = Debug|Win32
		{DD2F4CB6-9BFB-4681-8688-75E1C202060B}.Debug|x86.Build.0 = Debug|Win32
		{DD2F4CB6-9BFB-4681-8688-75E1C202060B}.Release|x64.ActiveCfg = Release|x64
		{DD2F4CB6-9BFB-4681-8688-75E1C202060B}.Release|x64.Build.0 = Release|x64
		{DD2F4CB6-9BFB-4681-8688-75E1C202060B}.Release|x86.ActiveCfg = Release|Win32
		{DD2F4CB6-9BFB-4681-8688-75E1C202060B}.Release|x86.Build.0 = Release|Win32
		{E75A8897-2019-4349-8A45-D03ECD23D2EE}.Debug|x64.ActiveCfg = Debug|x64
		{E75A8897-2019-4349-8A45-D03ECD23D2EE}.Debug|x64.Build.0 = Debug|x64
		{E75A8897-2019-4349-8A45-D03ECD23D2EE}.Debug|x86.ActiveCfg = Debug|Win32
		{E75A8897-2019-4349-8A45-D03ECD23D2EE}.Debug|x86.Build.0 = Debug|Win32
		{E75A8897-2019-4349-8A45-D03ECD23D2EE}.Release|x64.ActiveCfg = Release|x64
		{E75A8897-2019-4349-8A45-D03ECD23D2EE}.Release|x64.Build.0 = Release|x64
		{E75A8897-2019-4349-8A45-D03ECD23D2EE}.Release|x86.ActiveCfg = Release|Win32
		{E75A8897-2019-4349-8A45-D03ECD23D2EE}.Release|x86.Build.0 = Release|Win32
		{B5EE5163-E596-4D98-AC9B-4A63787FE6CD}.Debug|x64.ActiveCfg = Debug|x64
		{B5EE5163-E596-4D98-AC9B-4A63787FE6CD}.Debug|x64.Build.0 = Debug|x64
		{B5EE5163-E596-4D98-AC9B-4A63787FE6CD}.Debug|x86.ActiveCfg = Debug|Win32
		{B5EE5163-E596-4D98-AC9B-4A63787FE6CD}.Debug|x86.Build.0 = Debug|Win32
		{B5EE5163-E596-4D98-AC9B-4A63787FE6CD}.Release|x64.ActiveCfg = Release|x64
		{B5EE5163-E596-4D98-AC9B-4A63787FE6CD}.Release|x64.Build.0 = Release|x64
		{B5EE5163-E596-4D98-AC9B-4A63787FE6CD}.Release|x86.ActiveCfg = Release|Win32
		{B5EE5163-E596-4D98-AC9B-4A63787FE6CD}.Release|x86.Build.0 = Release|Win32
		{5A25D2FF-24C5-4EAD-928F-2F4E29839F62}.Debug|x64.ActiveCfg = Debug|x64
		{5A25D2FF-24C5-4EAD-928F-2F4E29839F62}.Debug|x64.Build.0 = Debug|x64
		{5A25D2FF-24C5-4EAD-928F-2F4E29839F62}.Debug|x86.ActiveCfg = Debug|Win32
		{5A25D2FF-24C5-4EAD-928F-2F4E29839F62}.Debug|x86.Build.0 = Debug|Win32
		{5A25D2FF-24C5-4EAD-928F-2F4E29839F62}.Release|x64.ActiveCfg = Release|x64
		{5A25D2FF-24C5-4EAD-928F-2F4E29839F62}.Release|x64.Build.0 = Release|x64
		{5A25D2FF-24C5-4EAD-928F-2F4E29839F62}.Release|x86.ActiveCfg = Release|Win32
		{5A25D2FF-24C5-4EAD-928F-2F4E29839F62}.Release|x86.Build.0 = Release|Win32
		{F2CD474A-6554-4A65-93DF-D8F05718F036}.Debug|x64.ActiveCfg = Debug|x64
		{F2CD474A-6554-4A65-93DF-D8F05718F036}.Debug|x64.Build.0 = Debug|x64
		{F2CD474A-6554-4A65-93DF-D8F05718F036}.Debug|x86.ActiveCfg = Debug|Win32
		{F2CD474A-6554-4A65-93DF-D8F05718F036}.Debug|x86.Build.0 = Debug|Win32
		{F2CD474A-6554-4A65-93DF-D8F05718F036}.Release|x64.ActiveCfg = Release|x64
		{F2CD474A-6554-4A65-93DF-D8F05718F036}.Release|x64.Build.0 = Release|x64
		{F2CD474A-6554-4A65-93DF-D8F05718F036}.Release|x86.ActiveCfg = Release|Win32
		{F2CD474A-6554-4A65-93DF-D8F05718F036}.Release|x86.Build.0 = Release|Win32
		{31E89068-C9B4-4E30-893A-66EBC0FBE11A}.Debug|x64.ActiveCfg = Debug|x64
		{31E89068-C9B4-4E30-893A-66EBC0FBE11A}.Debug|x64.Build.0 = Debug|x64
		{31E89068-C9B4-4E30-893A-66EBC0FBE11A}.Debug|x86.ActiveCfg = Debug|Win32
		{31E89068-C9B4-4E30-893A-66EBC0FBE11A}.Debug|x86.Build.0 = Debug|Win32
		{31E89068-C9B4-4E30-893A-66EBC0FBE11A}.Release|x64.ActiveCfg = Release|x64
		{31E89068-C9B4-4E30-893A-66EBC0FBE11A}.Release|x64.Build.0 = Release|x64
		{31E89068-C9B4-4E30-893A-66EBC0FBE11A}.Release|x86.ActiveCfg = Release|Win32
		{31E89068-C9B4-4E30-893A-66EBC0FBE11A}.Release|x86.Build.0 = Release|Win32
		{AA6EFA2D-9A9D-4178-9B8D-93DFAE819C8E}.Debug|x64.ActiveCfg = Debug|x64
		{AA6EFA2D-9A9D-4178-9B8D-93DFAE819C8E}.Debug|x64.Build.0 = Debug|x64
		{AA6EFA2D-9A9D-4178-9B8D-93DFAE819C8E}.Debug|x86.ActiveCfg = Debug|Win32
		{AA6EFA2D-9A9D-4178-9B8D-93DFAE819C8E}.Debug|x86.Build.0 = Debug|Win32
		{AA6EFA2D-9A9D-4178-9B8D-93DFAE819C8E}.Release|x64.ActiveCfg = Release|x64
		{AA6EFA2D-9A9D-4178-9B8D-93DFAE819C8E}.Release|x64.Build.0 = Release|x64
		{AA6EFA2D-9A9D-4178-9B8D-93DFAE819C8E}.Release|x86.ActiveCfg = Release|Win32
		{AA6EFA2D-9A9D-4178-9B8D-93DFAE819C8E}.Release|x86.Build.0 = Release|Win32
		{052B5C5C-F27B-42A4-A175-6A6F7A042E5C}.Debug|x64.ActiveCfg = Debug|x64
		{052B5C5C-F27B-42A4-A175-6A6F7A042E5C}.Debug|x64.Build.0 = Debug|x64
		{052B5C5C-F27B-42A4-A175-6A6F7A042E5C}.Debug|x86.ActiveCfg = Debug|Win32
		{052B5C5C-F27B-42A4-A175-6A6F7A042E5C}.Debug|x86.Build.0 = Debug|Win32
		{052B5C5C-F27B-42A4-A175-6A6F7A042E5C}.Release|x64.ActiveCfg = Release|x64
		{052B5C5C-F27B-42A4-A175-6A6F7A042E5C}.Release|x64.Build.0 = Release|x64
		{052B5C5C-F27B-42A4-A175-6A6F7A042E5C}.Release|x86.ActiveCfg = Release|Win32
		{052B5C5C-F27B-42A4-A175-6A6F7A042E5C}.Release|x86.Build.0 = Release|Win32
		{CB2654CD-553A-4C1F-BEF5-0D30624B0B8B}.Debug|x64.ActiveCfg = Debug|x64
		{CB2654CD-553A-4C1F-BEF5-0D30624B0B8B}.Debug|x64.Build.0 = Debug|x64
		{CB2654CD-553A-4C1F-BEF5-0D30624B0B8B}.Debug|x86.ActiveCfg = Debug|Win32
		{CB2654CD-553A-4C1F-BEF5-0D30624B0B8B}.Debug|x86.Build.0 = Debug|Win32
		{CB2654CD-553A-4C1F-BEF5-0D30624B0B8B}.Release|x64.ActiveCfg = Release|x64
		{CB2654CD-553A-4C1F-BEF5-0D30624B0B8B}.Release|x64.Build.0 = Release|x64
		{CB2654CD-553A-4C1F-BEF5-0D30624B0B8B}.Release|x86.ActiveCfg = Release|Win32
		{CB2654CD-553A-4C1F-BEF5-0D30624B0B8B}.Release|x86.Build.0 = Release|Win32
		{3C7DFC58-8CD7-4D1D-91C2-DFA07661DEC9}.Debug|x64.ActiveCfg = Debug|x64
		{3C7DFC58-8CD7-4D1D-91C2-DFA07661DEC9}.Debug|x64.Build.0 = Debug|x64
		{3C7DFC58-8CD7-4D1D-91C2-DFA07661DEC9}.Debug|x86.ActiveCfg = Debug|Win32
		{3C7DFC58-8CD7-4D1D-91C2-DFA07661DEC9}.Debug|x86.Build.0 = Debug|Win32
		{3C7DFC58-8CD7-4D1D-91C2-DFA07661DEC9}.Release|x64.ActiveCfg = Release|x64
		{3C7DFC58-8CD7-4D1D-91C2-DFA07661DEC9}.Release|x64.Build.0 = Release|x64
		{3C7DFC58-8CD7-4D1D-91C2-DFA07661DEC9}.Release|x86.ActiveCfg = Release|Win32
		{3C7DFC58-8CD7-4D1D-91C2-DFA07661DEC9}.Release|x86.Build.0 = Release|Win32
		{04E2D4E9-E94F-4824-B796-B8DD98F6748F}.Debug|x64.ActiveCfg = Debug|x64
		{04E2D4E9-E94F-4824-B796-B8DD98F6748F}.Debug|x64.Build.0 = Debug|x64
		{04E2D4E9-E94F-4824-B796-B8DD98F6748F}.Debug|x86.ActiveCfg = Debug|Win32
		{04E2D4E9-E94F-4824-B796-B8DD98F6748F}.Debug|x86.Build.0 = Debug|Win32
		{04E2D4E9-E94F-4824-B796-B8DD98F6748F}.Release|x64.ActiveCfg = Release|x64
		{04E2D4E9-E94F-4824-B796-B8DD98F6748F}.Release|x64.Build.0 = Release|x64
		{04E2D4E9-E94F-4824-B796-B8DD98F6748F}.Release|x86.ActiveCfg = Release|Win32
		{04E2D4E9-E94F-4824-B796-B8DD98F6748F}.Release|x86.Build.0 = Release|Win32
		{69B1DAEE-5ABC-43E2-85BC-1541DC1BB2FB}.Debug|x64.ActiveCfg = Debug|x64
		{69B1DAEE-5ABC-43E2-85BC-1541DC1BB2FB}.Debug|x64.Build.0 = Debug|x64
		{69B1DAEE-5ABC-43E2-85BC-1541DC1BB2FB}.Debug|x86.ActiveCfg = Debug|Win32
		{69B1DAEE-5ABC-43E2-85BC-1541DC1BB2FB}.Debug|x86.Build.0 = Debug|Win32
		{69B1DAEE-5ABC-43E2-85BC-1541DC1BB2FB}.Release|x64.ActiveCfg = Release|x64
		{69B1DAEE-5ABC-43E2-85BC-1541DC1BB2FB}.Release|x64.Build.0 = Release|x64
		{69B1DAEE-5ABC-43E2-85BC-1541DC1BB2FB}.Release|x86.ActiveCfg = Release|Win32
		{69B1DAEE-5ABC-43E2-85BC-1541DC1BB2FB}.Release|x86.Build.0 = Release|Win32
		{8C676639-B94E-4393-96D6-D3F8E450F541}.Debug|x64.ActiveCfg = Debug|x64
		{8C676639-B94E-4393-96D6-D3F8E450F541}.Debug|x64.Build.0 = Debug|x64
		{8C676639-B94E-4393-96D6-D3F8E450F541}.Debug|x86.ActiveCfg = Debug|Win32
		{8C676639-B94E-4393-96D6-D3F8E450F541}.Debug|x86.Build.0 = Debug|Win32
		{8C676639-B94E-4393-96D6-D3F8E450F541}.Release|x64.ActiveCfg = Release|x64
		{8C676639-B94E-4393-96D6-D3F8E450F541}.Release|x64.Build.0 = Release|x64
		{8C676639-B94E-4393-96D6-D3F8E450F541}.Release|x86.ActiveCfg = Release|Win32
		{8C676639-B94E-4393-96D6-D3F8E450F541}.Release|x86.Build.0 = Release|Win32
		{893BF85F-A4A1-4032-ACAC-CF0B6A3CA136}.Debug|x64.ActiveCfg = Debug|x64
		{893BF85F-A4A1-4032-ACAC-CF0B6A3CA136}.Debug|x64.Build.0 = Debug|x64
		{893BF85F-A4A1-4032-ACAC-CF0B6A3CA136}.Debug|x86.ActiveCfg = Debug|Win32
		{893BF85F-A4A1-4032-ACAC-CF0B6A3CA136}.Debug|x86.Build.0 = Debug|Win32
		{893BF85F-A4A1-4032-ACAC-CF0B6A3CA136}.Release|x64.ActiveCfg = Release|x64
		{893BF85F-A4A1-4032-ACAC-CF0B6A3CA136}.Release|x64.Build.0 = Release|x64
		{893BF85F-A4A1-4032-ACAC-CF0B6A3CA136}.Release|x86.ActiveCfg = Release|Win32
		{893BF85F-A4A1-4032-ACAC-CF0B6A3CA136}.Release|x86.Build.0 = Release|Win32
		{37DE655A-6099-4369-83C7-1D9B27B04D8B}.Debug|x64.ActiveCfg = Debug|x64
		{37DE655A-6099-4369-83C7-1D9B27B04D8B}.Debug|x64.Build.0 = Debug|x64
		{37DE655A-6099-4369-83C7-1D9B27B04D8B}.Debug|x86.ActiveCfg = Debug|Win32
		{37DE655A-6099-4369-83C7-1D9B27B04D8B}.Debug|x86.Build.0 = Debug|Win32
		{37DE655A-6099-4369-83C7-1D9B27B04D8B}.Release|x64.ActiveCfg = Release|x64
		{37DE655A-6099-4369-83C7-1D9B27B04D8B}.Release|x64.Build.0 = Release|x64
		{37DE655A-6099-4369-83C7-1D9B27B04D8B}.Release|x86.ActiveCfg = Release|Win32
		{37DE655A-6099-4369-83C7-1D9B27B04D8B}.Release|x86.Build.0 = Release|Win32
		{5F25FA7E-BF01-4B0D-962E-B8AE01952898}.Debug|x64.ActiveCfg = Debug|x64
		{5F25FA7E-BF01-4B0D-962E-B8AE01952898}.Debug|x64.Build.0 = Debug|x64
		{5F25FA7E-BF01-4B0D-962E-B8AE01952898}.Debug|x86.ActiveCfg = Debug|Win32
		{5F25FA7E-BF01-4B0D-962E-B8AE01952898}.Debug|x86.Build.0 = Debug|Win32
		{5F25FA7E-BF01-4B0D-962E-B8AE01952898}.Release|x64.ActiveCfg = Release|x64
		{5F25FA7E-BF01-4B0D-962E-B8AE01952898}.Release|x64.Build.0 = Release|x64
		{5F25FA7E-BF01-4B0D-962E-B8AE01952898}.Release|x86.ActiveCfg = Release|Win32
		{5F25FA7E-BF01-4B0D-962E-B8AE01952898}.Release|x86.Build.0 = Release|Win32
		{37BD1E6C-309A-40A1-B8E1-06EC2AC555FB}.Debug|x64.ActiveCfg = Debug|x64
		{37BD1E6C-309A-40A1-B8E1-06EC2AC555FB}.Debug|x64.Build.0 = Debug|x64
		{37BD1E6C-309A-40A1-B8E1-06EC2AC555FB}.Debug|x86.ActiveCfg = Debug|Win32
		{37BD1E6C-309A-40A1-B8E1-06EC2AC555FB}.Debug|x86.Build.0 = Debug|Win32
		{37BD1E6C-309A-40A1-B8E1-06EC2AC555FB}.Release|x64.ActiveCfg = Release|x64
		{37BD1E6C-309A-40A1-B8E1-06EC2AC555FB}.Release|x64.Build.0 = Release|x64
		{37BD1E6C-309A-40A1-B8E1-06EC2AC555FB}.Release|x86.ActiveCfg = Release|Win32
		{37BD1E6C-309A-40A1-B8E1-06EC2AC555FB}.Release|x86.Build.0 = Release|Win32
		{8D9DE9C4-108D-4649-A0CA-6F4B90F49D13}.Debug|x64.ActiveCfg = Debug|x64
		{8D9DE9C4-108D-4649-A0CA-6F4B90F49D13}.Debug|x64.Build.0 = Debug|x64
		{8D9DE9C4-108D-4649-A0CA-6F4B90F49D13}.Debug|x86.ActiveCfg = Debug|Win32
		{8D9DE9C4-108D-4649-A0CA-6F4B90F49D13}.Debug|x86.Build.0 = Debug|Win32
		{8D9DE9C4-108D-4649-A0CA-6F4B90F49D13}.Release|x64.ActiveCfg = Release|x64
		{8D9DE9C4-108D-4649-A0CA-6F4B90F49D13}.Release|x64.Build.0 = Release|x64
		{8D9DE9C4-108D-4649-A0CA-6F4B90F49D13}.Release|x86.ActiveCfg = Release|Win32
		{8D9DE9C4-108D-4649-A0CA-6F4B90F49D13}.Release|x86.Build.0 = Release|Win32
		{0FD44E0E-8A2A-4723-9EE1-4595720EC3F9}.Debug|x64.ActiveCfg = Debug|x64
		{0FD44E0E-8A2A-4723-9EE1-4595720EC3F9}.Debug|x64.Build.0 = Debug|x64
		{0FD44E0E-8A2A-4723-9EE1-4595720EC3F9}.Debug|x86.ActiveCfg = Debug|Win32
		{0FD44E0E-8A2A-4723-9EE1-4595720EC3F9}.Debug|x86.Build.0 = Debug|Win32
		{0FD44E0E-8A2A-4723-9EE1-4595720EC3F9}.Release|x64.ActiveCfg = Release|x64
		{0FD44E0E-8A2A-4723-9EE1-4595720EC3F9}.Release|x64.Build.0 = Release|x64
		{0FD44E0E-8A2A-4723-9EE1-4595720EC3F9}.Release|x86.ActiveCfg = Release|Win32
		{0FD44E0E-8A2A-4723-9EE1-4595720EC3F9}.Release|x86.Build.0 = Release|Win32
		{E7D9E317-6152-4FFE-956D-CB63018959DC}.Debug|x64.ActiveCfg = Debug|x64
		{E7D9E317-6152-4FFE-956D-CB63018959DC}.Debug|x64.Build.0 = Debug|x64
		{E7D9E317-6152-4FFE-956D-CB63018959DC}.Debug|x86.ActiveCfg = Debug|Win32
		{E7D9E317-6152-4FFE-956D-CB63018959DC}.Debug|x86.Build.0 = Debug|Win32
		{E7D9E317-6152-4FFE-956D-CB63018959DC}.Release|x64.ActiveCfg = Release|x64
		{E7D9E317-6152-4FFE-956D-CB63018959DC}.Release|x64.Build.0 = Release|x64
		{E7D9E317-6152-4FFE-956D-CB63018959DC}.Release|x86.ActiveCfg = Release|Win32
		{E7D9E317-6152-4FFE-956D-CB63018959DC}.Release|x86.Build.0 = Release|Win32
		{8BCBB1DC-17B1-4FD2-B3D5-FCD1EB665BC2}.Debug|x64.ActiveCfg = Debug|x64
		{8BCBB1DC-17B1-4FD2-B3D5-FCD1EB665BC2}.Debug|x64.Build.0 = Debug|x64
		{8BCBB1DC-17B1-4FD2-B3D5-FCD1EB665BC2}.Debug|x86.ActiveCfg = Debug|Win32
		{8BCBB1DC-17B1-4FD2-B3D5-FCD1EB665BC2}.Debug|x86.Build.0 = Debug|Win32
		{8BCBB1DC-17B1-4FD2-B3D5-FCD1EB665BC2}.Release|x64.ActiveCfg = Release|x64
		{8BCBB1DC-17B1-4FD2-B3D5-FCD1EB665BC2}.Release|x64.Build.0 = Release|x64
		{8BCBB1DC-17B1-4FD2-B3D5-FCD1EB665BC2}.Release|x86.ActiveCfg = Release|Win32
		{8BCBB1DC-17B1-4FD2-B3D5-FCD1EB665BC2}.Release|x86.Build.0 = Release|Win32
		{30984291-A3C5-4CB9-B295-C82F311ED656}.Debug|x64.ActiveCfg = Debug|x64
		{30984291-A3C5-4CB9-B295-C82F311ED656}.Debug|x64.Build.0 = Debug|x64
		{30984291-A3C5-4CB9-B295-C82F311ED656}.Debug|x86.ActiveCfg = Debug|Win32
		{30984291-A3C5-4CB9-B295-C82F311ED656}.Debug|x86.Build.0 = Debug|Win32
		{30984291-A3C5-4CB9-B295-C82F311ED656}.Release|x64.ActiveCfg = Release|x64
		{30984291-A3C5-4CB9-B295-C82F311ED656}.Release|x64.Build.0 = Release|x64
		{30984291-A3C5-4CB9-B295-C82F311ED656}.Release|x86.ActiveCfg = Release|Win32
		{30984291-A3C5-4CB9-B295-C82F311ED656}.Release|x86.Build.0 = Release|Win32
		{D7E35562-47E6-4AA3-A20F-4858FB582517}.Debug|x64.ActiveCfg = Debug|x64
		{D7E35562-47E6-4AA3-A20F-4858FB582517}.Debug|x64.Build.0 = Debug|x64
		{D7E35562-47E6-4AA3-A20F-4858FB582517}.Debug|x86.ActiveCfg = Debug|Win32
		{D7E35562-47E6-4AA3-A20F-4858FB582517}.Debug|x86.Build.0 = Debug|Win32
		{D7E35562-47E6-4AA3-A20F-4858FB582517}.Release|x64.ActiveCfg = Release|x64
		{D7E35562-47E6-4AA3-A20F-4858FB582517}.Release|x64.Build.0 = Release|x64
		{D7E35562-47E6-4AA3-A20F-4858FB582517}.Release|x86.ActiveCfg = Release|Win32
		{D7E35562-47E6-4AA3-A20F-4858FB582517}.Release|x86.Build.0 = Release|Win32
		{7F2E218F-AF6D-4E4D-885B-41F3C117F171}.Debug|x64.ActiveCfg = Debug|x64
		{7F2E218F-AF6D-4E4D-885B-41F3C117F171}.Debug|x64.Build.0 = Debug|x64
		{7F2E218F-AF6D-4E4D-885B-41F3C117F171}.Debug|x86.ActiveCfg = Debug|Win32
		{7F2E218F-AF6D-4E4D-885B-41F3C117F171}.Debug|x86.Build.0 = Debug|Win32
		{7F2E218F-AF6D-4E4D-885B-41F3C117F171}.Release|x64.ActiveCfg = Release|x64
		{7F2E218F-AF6D-4E4D-885B-41F3C117F171}.Release|x64.Build.0 = Release|x64
		{7F2E218F-AF6D-4E4D-885B-41F3C117F171}.Release|x86.ActiveCfg = Release|Win32
		{7F2E218F-AF6D-4E4D-885B-41F3C117F171}.Release|x86.Build.0 = Release|Win32
		{E0D1FA75-BCF1-4469-9C48-F3C39FD3E1F1}.Debug|x64.ActiveCfg = Debug|x64
		{E0D1FA75-BCF1-4469-9C48-F3C39FD3E1F1}.Debug|x64.Build.0 = Debug|x64
		{E0D1FA75-BCF1-4469-9C48-F3C39FD3E1F1}.Debug|x86.ActiveCfg = Debug|Win32
		{E0D1FA75-BCF1-4469-9C48-F3C39FD3E1F1}.Debug|x86.Build.0 = Debug|Win32
		{E0D1FA75-BCF1-4469-9C48-F3C39FD3E1F1}.Release|x64.ActiveCfg = Release|x64
		{E0D1FA75-BCF1-4469-9C48-F3C39FD3E1F1}.Release|x64.Build.0 = Release|x64
		{E0D1FA75-BCF1-4469-9C48-F3C39FD3E1F1}.Release|x86.ActiveCfg = Release|Win32
		{E0D1FA75-BCF1-4469-9C48-F3C39FD3E1F1}.Release|x86.Build.0 = Release|Win32
		{9439071A-A857-42CA-BC0F-B5EF63C33D63}.Debug|x64.ActiveCfg = Debug|x64
		{9439071A-A857-42CA-BC0F-B5EF63C33D63}.Debug|x64.Build.0 = Debug|x64
		{9439071A-A857-42CA-BC0F-B5EF63C33D63}.Debug|x86.ActiveCfg = Debug|Win32
		{9439071A-A857-42CA-BC0F-B5EF63C33D63}.Debug|x86.Build.0 = Debug|Win32
		{9439071A-A857-42CA-BC0F-B5EF63C33D63}.Release|x64.ActiveCfg = Release|x64
		{9439071A-A857-42CA-BC0F-B5EF63C33D63}.Release|x64.Build.0 = Release|x64
		{9439071A-A857-42CA-BC0F-B5EF63C33D63}.Release|x86.ActiveCfg = Release|Win32
		{9439071A-A857-42CA-BC0F-B5EF63C33D63}.Release|x86.Build.0 = Release|Win32
	EndGlobalSection
	GlobalSection(SolutionProperties) = preSolution
		HideSolutionNode = FALSE
	EndGlobalSection
	GlobalSection(NestedProjects) = preSolution
		{5D88E8C0-15F0-45FA-A0F7-310BFCDE05F2} = {A3CE707E-FE3D-4917-B327-86393791557D}
		{FEB5D46B-018C-4E51-A002-56DE68BEE81B} = {A3CE707E-FE3D-4917-B327-86393791557D}
		{FE5B23AF-2E86-42C6-AA55-90F16BF25CD7} = {A3CE707E-FE3D-4917-B327-86393791557D}
		{5C373546-9CA9-4D61-9763-3AE42F6A92EA} = {A3CE707E-FE3D-4917-B327-86393791557D}
		{E27DE357-7119-4532-95F3-7398690224B8} = {A3CE707E-FE3D-4917-B327-86393791557D}
		{32C546C5-EA6C-4416-A259-823BCA6058E0} = {A3CE707E-FE3D-4917-B327-86393791557D}
		{3F50598B-8759-45F1-AC08-5E55090433BB} = {A3CE707E-FE3D-4917-B327-86393791557D}
		{0A17F459-46BB-4BB5-99C8-B00221F289BB} = {A3CE707E-FE3D-4917-B327-86393791557D}
		{B1554D58-1B6B-47C1-9B89-B12E23E6D397} = {A3CE707E-FE3D-4917-B327-86393791557D}
		{904A8584-E0BD-452F-BC12-E8ED73DF06D7} = {A3CE707E-FE3D-4917-B327-86393791557D}
		{29E3AED5-4506-492A-ACFD-0B204A5F1316} = {A3CE707E-FE3D-4917-B327-86393791557D}
		{0E4ACB68-F38C-47A0-8B8E-13FA7B52BB6C} = {A3CE707E-FE3D-4917-B327-86393791557D}
		{028B6B7A-695D-4F9F-89B1-7E30B9E2D1B3} = {A3CE707E-FE3D-4917-B327-86393791557D}
		{E846E544-990E-4B14-99B0-A33A520CDA37} = {A3CE707E-FE3D-4917-B327-86393791557D}
		{F8DE7C0B-81AF-4E28-A8AB-D871A1A63262} = {A3CE707E-FE3D-4917-B327-86393791557D}
		{7ADF14A9-E3AE-463D-8F4C-588870377AB1} = {A3CE707E-FE3D-4917-B327-86393791557D}
		{CB194966-0FA4-49E9-B9C1-AB607282EC5B} = {A3CE707E-FE3D-4917-B327-86393791557D}
		{7C7B480C-C93A-4BFB-A5E8-205A3B0A71C1} = {A3CE707E-FE3D-4917-B327-86393791557D}
		{757BB072-ED36-4350-9B34-21EE5AF1C6A3} = {A3CE707E-FE3D-4917-B327-86393791557D}
		{92A5DE7E-FEFC-49A2-98C8-66616596A5E1} = {A3CE707E-FE3D-4917-B327-86393791557D}
		{005D416A-D978-4501-A997-A8DF891EB732} = {5EB7C434-8FFB-4643-8708-A9B7546E9380}
		{8F9A3DBA-80E8-4092-BE40-3471B2CD57D8} = {5EB7C434-8FFB-4643-8708-A9B7546E9380}
		{B6ECEBF8-63CB-4D0E-B228-7DBAE7559D40} = {5EB7C434-8FFB-4643-8708-A9B7546E9380}
		{CB2BA665-7E48-49A2-AD82-11A2500649D0} = {5EB7C434-8FFB-4643-8708-A9B7546E9380}
		{0A472A8E-AEFF-4C98-B2CC-2168384A7766} = {5EB7C434-8FFB-4643-8708-A9B7546E9380}
		{AEF93CEC-BF0E-4FE8-A586-C8D71D3876C9} = {5EB7C434-8FFB-4643-8708-A9B7546E9380}
		{C854CDDF-A094-451B-905D-817B205B4ABD} = {5EB7C434-8FFB-4643-8708-A9B7546E9380}
		{B1E59956-D284-4397-AEDA-250E7A07DEE2} = {5EB7C434-8FFB-4643-8708-A9B7546E9380}
		{20E2936D-EB5D-4C0C-A8F8-6190EBEFD61D} = {5EB7C434-8FFB-4643-8708-A9B7546E9380}
		{429F9267-CB73-4DBC-9554-D304FE1DC6A2} = {5EB7C434-8FFB-4643-8708-A9B7546E9380}
		{DD1C1A30-D5C6-42CD-B3AE-201A70B0A5B3} = {5EB7C434-8FFB-4643-8708-A9B7546E9380}
		{F4ED5733-26EA-420B-BBF6-8255FC6F4D4A} = {5EB7C434-8FFB-4643-8708-A9B7546E9380}
		{80ACBA6F-44CA-48E1-93D8-04EEE118AAE6} = {5EB7C434-8FFB-4643-8708-A9B7546E9380}
		{473313B1-7497-480F-AD7E-8F40538C1B48} = {A3CE707E-FE3D-4917-B327-86393791557D}
		{5B94C27B-2696-4702-AD05-2B5E81A26AF4} = {A3CE707E-FE3D-4917-B327-86393791557D}
		{01717B6D-D0CB-4716-A2C6-F3418FB1241E} = {A3CE707E-FE3D-4917-B327-86393791557D}
		{61F4865D-AB82-46DF-90B9-66B4BE8026D9} = {16885536-958C-4DD7-8CD1-FDECDDBD4F7D}
		{5E67B56A-F23F-403A-BB93-97158722055E} = {4272ABA9-C48F-4F67-8E64-519BA7FF0222}
		{62F6E2ED-8E37-4ACE-8A3B-FC0BFC42D0A0} = {4272ABA9-C48F-4F67-8E64-519BA7FF0222}
		{9711C38C-DEDC-4A17-8FDB-46D80FEF603E} = {4272ABA9-C48F-4F67-8E64-519BA7FF0222}
		{3948DF63-E14A-4E24-8CBD-C6479C910A0C} = {4272ABA9-C48F-4F67-8E64-519BA7FF0222}
		{DD2F4CB6-9BFB-4681-8688-75E1C202060B} = {4272ABA9-C48F-4F67-8E64-519BA7FF0222}
		{E75A8897-2019-4349-8A45-D03ECD23D2EE} = {4272ABA9-C48F-4F67-8E64-519BA7FF0222}
		{B5EE5163-E596-4D98-AC9B-4A63787FE6CD} = {4272ABA9-C48F-4F67-8E64-519BA7FF0222}
		{5A25D2FF-24C5-4EAD-928F-2F4E29839F62} = {4272ABA9-C48F-4F67-8E64-519BA7FF0222}
		{F2CD474A-6554-4A65-93DF-D8F05718F036} = {4272ABA9-C48F-4F67-8E64-519BA7FF0222}
		{31E89068-C9B4-4E30-893A-66EBC0FBE11A} = {4272ABA9-C48F-4F67-8E64-519BA7FF0222}
		{AA6EFA2D-9A9D-4178-9B8D-93DFAE819C8E} = {4272ABA9-C48F-4F67-8E64-519BA7FF0222}
		{052B5C5C-F27B-42A4-A175-6A6F7A042E5C} = {4272ABA9-C48F-4F67-8E64-519BA7FF0222}
		{CB2654CD-553A-4C1F-BEF5-0D30624B0B8B} = {4272ABA9-C48F-4F67-8E64-519BA7FF0222}
		{3C7DFC58-8CD7-4D1D-91C2-DFA07661DEC9} = {4272ABA9-C48F-4F67-8E64-519BA7FF0222}
		{04E2D4E9-E94F-4824-B796-B8DD98F6748F} = {4272ABA9-C48F-4F67-8E64-519BA7FF0222}
		{69B1DAEE-5ABC-43E2-85BC-1541DC1BB2FB} = {4272ABA9-C48F-4F67-8E64-519BA7FF0222}
		{8C676639-B94E-4393-96D6-D3F8E450F541} = {4272ABA9-C48F-4F67-8E64-519BA7FF0222}
		{893BF85F-A4A1-4032-ACAC-CF0B6A3CA136} = {4272ABA9-C48F-4F67-8E64-519BA7FF0222}
		{37DE655A-6099-4369-83C7-1D9B27B04D8B} = {4272ABA9-C48F-4F67-8E64-519BA7FF0222}
		{5F25FA7E-BF01-4B0D-962E-B8AE01952898} = {4272ABA9-C48F-4F67-8E64-519BA7FF0222}
		{37BD1E6C-309A-40A1-B8E1-06EC2AC555FB} = {4272ABA9-C48F-4F67-8E64-519BA7FF0222}
		{8D9DE9C4-108D-4649-A0CA-6F4B90F49D13} = {4272ABA9-C48F-4F67-8E64-519BA7FF0222}
		{0FD44E0E-8A2A-4723-9EE1-4595720EC3F9} = {4272ABA9-C48F-4F67-8E64-519BA7FF0222}
		{E7D9E317-6152-4FFE-956D-CB63018959DC} = {4272ABA9-C48F-4F67-8E64-519BA7FF0222}
		{8BCBB1DC-17B1-4FD2-B3D5-FCD1EB665BC2} = {4272ABA9-C48F-4F67-8E64-519BA7FF0222}
		{30984291-A3C5-4CB9-B295-C82F311ED656} = {4272ABA9-C48F-4F67-8E64-519BA7FF0222}
		{D7E35562-47E6-4AA3-A20F-4858FB582517} = {4272ABA9-C48F-4F67-8E64-519BA7FF0222}
		{7F2E218F-AF6D-4E4D-885B-41F3C117F171} = {4272ABA9-C48F-4F67-8E64-519BA7FF0222}
		{E0D1FA75-BCF1-4469-9C48-F3C39FD3E1F1} = {4272ABA9-C48F-4F67-8E64-519BA7FF0222}
		{9439071A-A857-42CA-BC0F-B5EF63C33D63} = {4272ABA9-C48F-4F67-8E64-519BA7FF0222}
	EndGlobalSection
	GlobalSection(ExtensibilityGlobals) = postSolution
		SolutionGuid = {157ED797-3273-476F-B4CA-7CB538F722B1}
	EndGlobalSection
EndGlobal
