
Microsoft Visual Studio Solution File, Format Version 12.00
# Visual Studio Version 17
VisualStudioVersion = 17.10.35122.118
MinimumVisualStudioVersion = 10.0.40219.1
Project("{8BC9CEB8-8B4A-11D0-8D11-00A0C91BC942}") = "ConsoleApplication1", "ConsoleApplication1\ConsoleApplication1.vcxproj", "{A8F0B38A-4180-4AE8-9720-287F29E1DC39}"
EndProject
Project("{8BC9CEB8-8B4A-11D0-8D11-00A0C91BC942}") = "01_07_Transformations", "01_07_Transformations\01_07_Transformations.vcxproj", "{5D88E8C0-15F0-45FA-A0F7-310BFCDE05F2}"
EndProject
Project("{8BC9CEB8-8B4A-11D0-8D11-00A0C91BC942}") = "01_04_HelloTriangle", "01_04_HelloTriangle\01_04_HelloTriangle.vcxproj", "{FEB5D46B-018C-4E51-A002-56DE68BEE81B}"
EndProject
Project("{8BC9CEB8-8B4A-11D0-8D11-00A0C91BC942}") = "01_04_HelloTriangle_Exercise1", "01_04_HelloTriangle_Exercise1\01_04_HelloTriangle_Exercise1.vcxproj", "{FE5B23AF-2E86-42C6-AA55-90F16BF25CD7}"
EndProject
Project("{8BC9CEB8-8B4A-11D0-8D11-00A0C91BC942}") = "01_04_HelloTriangle_Exercise2", "01_04_HelloTriangle_Exercise2\01_04_HelloTriangle_Exercise2.vcxproj", "{5C373546-9CA9-4D61-9763-3AE42F6A92EA}"
EndProject
Project("{8BC9CEB8-8B4A-11D0-8D11-00A0C91BC942}") = "01_04_HelloTriangle_Exercise3", "01_04_HelloTriangle_Exercise3\01_04_HelloTriangle_Exercise3.vcxproj", "{E27DE357-7119-4532-95F3-7398690224B8}"
EndProject
Project("{8BC9CEB8-8B4A-11D0-8D11-00A0C91BC942}") = "01_04_HelloTriangleIndex", "01_04_HelloTriangleIndex\01_04_HelloTriangleIndex.vcxproj", "{32C546C5-EA6C-4416-A259-823BCA6058E0}"
EndProject
Project("{8BC9CEB8-8B4A-11D0-8D11-00A0C91BC942}") = "01_03_HelloWindows", "01_03_HelloWindows\01_03_HelloWindows.vcxproj", "{3F50598B-8759-45F1-AC08-5E55090433BB}"
EndProject
Project("{8BC9CEB8-8B4A-11D0-8D11-00A0C91BC942}") = "01_05_ShaderClass", "01_05_ShaderClass\01_05_ShaderClass.vcxproj", "{8B0C76FC-1DF1-4051-B4B2-5CD26A1B0D3E}"
EndProject
Project("{8BC9CEB8-8B4A-11D0-8D11-00A0C91BC942}") = "01_05_ShaderUniform", "01_05_ShaderUniform\01_05_ShaderUniform.vcxproj", "{473313B1-7497-480F-AD7E-8F40538C1B48}"
EndProject
Project("{8BC9CEB8-8B4A-11D0-8D11-00A0C91BC942}") = "01_05_ShaderInterpolation", "01_05_ShaderInterpolation\01_05_ShaderInterpolation.vcxproj", "{81FAE511-768A-4F34-A3CD-2C5F7F70F4F9}"
EndProject
Project("{8BC9CEB8-8B4A-11D0-8D11-00A0C91BC942}") = "01_06_Textures", "01_06_Textures\01_06_Textures.vcxproj", "{0A17F459-46BB-4BB5-99C8-B00221F289BB}"
EndProject
Project("{8BC9CEB8-8B4A-11D0-8D11-00A0C91BC942}") = "01_06_Textures_Surround", "01_06_Textures_Surround\01_06_Textures_Surround.vcxproj", "{B1554D58-1B6B-47C1-9B89-B12E23E6D397}"
EndProject
Project("{8BC9CEB8-8B4A-11D0-8D11-00A0C91BC942}") = "01_06_TexturesCombined", "01_06_TexturesCombined\01_06_TexturesCombined.vcxproj", "{904A8584-E0BD-452F-BC12-E8ED73DF06D7}"
EndProject
Project("{8BC9CEB8-8B4A-11D0-8D11-00A0C91BC942}") = "01_06_TexturesTriangle", "01_06_TexturesTriangle\01_06_TexturesTriangle.vcxproj", "{29E3AED5-4506-492A-ACFD-0B204A5F1316}"
EndProject
Project("{8BC9CEB8-8B4A-11D0-8D11-00A0C91BC942}") = "01_07_Transformations_Exercise2", "01_07_Transformations_Exercise2\01_07_Transformations_Exercise2.vcxproj", "{0E4ACB68-F38C-47A0-8B8E-13FA7B52BB6C}"
EndProject
Project("{8BC9CEB8-8B4A-11D0-8D11-00A0C91BC942}") = "01_08_CoordinateSystems", "01_08_CoordinateSystems\01_08_CoordinateSystems.vcxproj", "{028B6B7A-695D-4F9F-89B1-7E30B9E2D1B3}"
EndProject
Project("{8BC9CEB8-8B4A-11D0-8D11-00A0C91BC942}") = "01_08_CoordinateSystemsDepth", "01_08_CoordinateSystemsDepth\01_08_CoordinateSystemsDepth.vcxproj", "{E846E544-990E-4B14-99B0-A33A520CDA37}"
EndProject
Project("{8BC9CEB8-8B4A-11D0-8D11-00A0C91BC942}") = "01_08_CoordinateSystemsMultiple", "01_08_CoordinateSystemsMultiple\01_08_CoordinateSystemsMultiple.vcxproj", "{F8DE7C0B-81AF-4E28-A8AB-D871A1A63262}"
EndProject
Project("{8BC9CEB8-8B4A-11D0-8D11-00A0C91BC942}") = "01_08_CoordinateSystemsMultiple_Exercise", "01_08_CoordinateSystemsMultiple_Exercise\01_08_CoordinateSystemsMultiple_Exercise.vcxproj", "{7ADF14A9-E3AE-463D-8F4C-588870377AB1}"
EndProject
Global
	GlobalSection(SolutionConfigurationPlatforms) = preSolution
		Debug|x64 = Debug|x64
		Debug|x86 = Debug|x86
		Release|x64 = Release|x64
		Release|x86 = Release|x86
	EndGlobalSection
	GlobalSection(ProjectConfigurationPlatforms) = postSolution
		{A8F0B38A-4180-4AE8-9720-287F29E1DC39}.Debug|x64.ActiveCfg = Debug|x64
		{A8F0B38A-4180-4AE8-9720-287F29E1DC39}.Debug|x64.Build.0 = Debug|x64
		{A8F0B38A-4180-4AE8-9720-287F29E1DC39}.Debug|x86.ActiveCfg = Debug|Win32
		{A8F0B38A-4180-4AE8-9720-287F29E1DC39}.Debug|x86.Build.0 = Debug|Win32
		{A8F0B38A-4180-4AE8-9720-287F29E1DC39}.Release|x64.ActiveCfg = Release|x64
		{A8F0B38A-4180-4AE8-9720-287F29E1DC39}.Release|x64.Build.0 = Release|x64
		{A8F0B38A-4180-4AE8-9720-287F29E1DC39}.Release|x86.ActiveCfg = Release|Win32
		{A8F0B38A-4180-4AE8-9720-287F29E1DC39}.Release|x86.Build.0 = Release|Win32
		{5D88E8C0-15F0-45FA-A0F7-310BFCDE05F2}.Debug|x64.ActiveCfg = Debug|x64
		{5D88E8C0-15F0-45FA-A0F7-310BFCDE05F2}.Debug|x64.Build.0 = Debug|x64
		{5D88E8C0-15F0-45FA-A0F7-310BFCDE05F2}.Debug|x86.ActiveCfg = Debug|Win32
		{5D88E8C0-15F0-45FA-A0F7-310BFCDE05F2}.Debug|x86.Build.0 = Debug|Win32
		{5D88E8C0-15F0-45FA-A0F7-310BFCDE05F2}.Release|x64.ActiveCfg = Release|x64
		{5D88E8C0-15F0-45FA-A0F7-310BFCDE05F2}.Release|x64.Build.0 = Release|x64
		{5D88E8C0-15F0-45FA-A0F7-310BFCDE05F2}.Release|x86.ActiveCfg = Release|Win32
		{5D88E8C0-15F0-45FA-A0F7-310BFCDE05F2}.Release|x86.Build.0 = Release|Win32
		{FEB5D46B-018C-4E51-A002-56DE68BEE81B}.Debug|x64.ActiveCfg = Debug|x64
		{FEB5D46B-018C-4E51-A002-56DE68BEE81B}.Debug|x64.Build.0 = Debug|x64
		{FEB5D46B-018C-4E51-A002-56DE68BEE81B}.Debug|x86.ActiveCfg = Debug|Win32
		{FEB5D46B-018C-4E51-A002-56DE68BEE81B}.Debug|x86.Build.0 = Debug|Win32
		{FEB5D46B-018C-4E51-A002-56DE68BEE81B}.Release|x64.ActiveCfg = Release|x64
		{FEB5D46B-018C-4E51-A002-56DE68BEE81B}.Release|x64.Build.0 = Release|x64
		{FEB5D46B-018C-4E51-A002-56DE68BEE81B}.Release|x86.ActiveCfg = Release|Win32
		{FEB5D46B-018C-4E51-A002-56DE68BEE81B}.Release|x86.Build.0 = Release|Win32
		{FE5B23AF-2E86-42C6-AA55-90F16BF25CD7}.Debug|x64.ActiveCfg = Debug|x64
		{FE5B23AF-2E86-42C6-AA55-90F16BF25CD7}.Debug|x64.Build.0 = Debug|x64
		{FE5B23AF-2E86-42C6-AA55-90F16BF25CD7}.Debug|x86.ActiveCfg = Debug|Win32
		{FE5B23AF-2E86-42C6-AA55-90F16BF25CD7}.Debug|x86.Build.0 = Debug|Win32
		{FE5B23AF-2E86-42C6-AA55-90F16BF25CD7}.Release|x64.ActiveCfg = Release|x64
		{FE5B23AF-2E86-42C6-AA55-90F16BF25CD7}.Release|x64.Build.0 = Release|x64
		{FE5B23AF-2E86-42C6-AA55-90F16BF25CD7}.Release|x86.ActiveCfg = Release|Win32
		{FE5B23AF-2E86-42C6-AA55-90F16BF25CD7}.Release|x86.Build.0 = Release|Win32
		{5C373546-9CA9-4D61-9763-3AE42F6A92EA}.Debug|x64.ActiveCfg = Debug|x64
		{5C373546-9CA9-4D61-9763-3AE42F6A92EA}.Debug|x64.Build.0 = Debug|x64
		{5C373546-9CA9-4D61-9763-3AE42F6A92EA}.Debug|x86.ActiveCfg = Debug|Win32
		{5C373546-9CA9-4D61-9763-3AE42F6A92EA}.Debug|x86.Build.0 = Debug|Win32
		{5C373546-9CA9-4D61-9763-3AE42F6A92EA}.Release|x64.ActiveCfg = Release|x64
		{5C373546-9CA9-4D61-9763-3AE42F6A92EA}.Release|x64.Build.0 = Release|x64
		{5C373546-9CA9-4D61-9763-3AE42F6A92EA}.Release|x86.ActiveCfg = Release|Win32
		{5C373546-9CA9-4D61-9763-3AE42F6A92EA}.Release|x86.Build.0 = Release|Win32
		{E27DE357-7119-4532-95F3-7398690224B8}.Debug|x64.ActiveCfg = Debug|x64
		{E27DE357-7119-4532-95F3-7398690224B8}.Debug|x64.Build.0 = Debug|x64
		{E27DE357-7119-4532-95F3-7398690224B8}.Debug|x86.ActiveCfg = Debug|Win32
		{E27DE357-7119-4532-95F3-7398690224B8}.Debug|x86.Build.0 = Debug|Win32
		{E27DE357-7119-4532-95F3-7398690224B8}.Release|x64.ActiveCfg = Release|x64
		{E27DE357-7119-4532-95F3-7398690224B8}.Release|x64.Build.0 = Release|x64
		{E27DE357-7119-4532-95F3-7398690224B8}.Release|x86.ActiveCfg = Release|Win32
		{E27DE357-7119-4532-95F3-7398690224B8}.Release|x86.Build.0 = Release|Win32
		{32C546C5-EA6C-4416-A259-823BCA6058E0}.Debug|x64.ActiveCfg = Debug|x64
		{32C546C5-EA6C-4416-A259-823BCA6058E0}.Debug|x64.Build.0 = Debug|x64
		{32C546C5-EA6C-4416-A259-823BCA6058E0}.Debug|x86.ActiveCfg = Debug|Win32
		{32C546C5-EA6C-4416-A259-823BCA6058E0}.Debug|x86.Build.0 = Debug|Win32
		{32C546C5-EA6C-4416-A259-823BCA6058E0}.Release|x64.ActiveCfg = Release|x64
		{32C546C5-EA6C-4416-A259-823BCA6058E0}.Release|x64.Build.0 = Release|x64
		{32C546C5-EA6C-4416-A259-823BCA6058E0}.Release|x86.ActiveCfg = Release|Win32
		{32C546C5-EA6C-4416-A259-823BCA6058E0}.Release|x86.Build.0 = Release|Win32
		{3F50598B-8759-45F1-AC08-5E55090433BB}.Debug|x64.ActiveCfg = Debug|x64
		{3F50598B-8759-45F1-AC08-5E55090433BB}.Debug|x64.Build.0 = Debug|x64
		{3F50598B-8759-45F1-AC08-5E55090433BB}.Debug|x86.ActiveCfg = Debug|Win32
		{3F50598B-8759-45F1-AC08-5E55090433BB}.Debug|x86.Build.0 = Debug|Win32
		{3F50598B-8759-45F1-AC08-5E55090433BB}.Release|x64.ActiveCfg = Release|x64
		{3F50598B-8759-45F1-AC08-5E55090433BB}.Release|x64.Build.0 = Release|x64
		{3F50598B-8759-45F1-AC08-5E55090433BB}.Release|x86.ActiveCfg = Release|Win32
		{3F50598B-8759-45F1-AC08-5E55090433BB}.Release|x86.Build.0 = Release|Win32
		{8B0C76FC-1DF1-4051-B4B2-5CD26A1B0D3E}.Debug|x64.ActiveCfg = Debug|x64
		{8B0C76FC-1DF1-4051-B4B2-5CD26A1B0D3E}.Debug|x64.Build.0 = Debug|x64
		{8B0C76FC-1DF1-4051-B4B2-5CD26A1B0D3E}.Debug|x86.ActiveCfg = Debug|Win32
		{8B0C76FC-1DF1-4051-B4B2-5CD26A1B0D3E}.Debug|x86.Build.0 = Debug|Win32
		{8B0C76FC-1DF1-4051-B4B2-5CD26A1B0D3E}.Release|x64.ActiveCfg = Release|x64
		{8B0C76FC-1DF1-4051-B4B2-5CD26A1B0D3E}.Release|x64.Build.0 = Release|x64
		{8B0C76FC-1DF1-4051-B4B2-5CD26A1B0D3E}.Release|x86.ActiveCfg = Release|Win32
		{8B0C76FC-1DF1-4051-B4B2-5CD26A1B0D3E}.Release|x86.Build.0 = Release|Win32
		{473313B1-7497-480F-AD7E-8F40538C1B48}.Debug|x64.ActiveCfg = Debug|x64
		{473313B1-7497-480F-AD7E-8F40538C1B48}.Debug|x64.Build.0 = Debug|x64
		{473313B1-7497-480F-AD7E-8F40538C1B48}.Debug|x86.ActiveCfg = Debug|Win32
		{473313B1-7497-480F-AD7E-8F40538C1B48}.Debug|x86.Build.0 = Debug|Win32
		{473313B1-7497-480F-AD7E-8F40538C1B48}.Release|x64.ActiveCfg = Release|x64
		{473313B1-7497-480F-AD7E-8F40538C1B48}.Release|x64.Build.0 = Release|x64
		{473313B1-7497-480F-AD7E-8F40538C1B48}.Release|x86.ActiveCfg = Release|Win32
		{473313B1-7497-480F-AD7E-8F40538C1B48}.Release|x86.Build.0 = Release|Win32
		{81FAE511-768A-4F34-A3CD-2C5F7F70F4F9}.Debug|x64.ActiveCfg = Debug|x64
		{81FAE511-768A-4F34-A3CD-2C5F7F70F4F9}.Debug|x64.Build.0 = Debug|x64
		{81FAE511-768A-4F34-A3CD-2C5F7F70F4F9}.Debug|x86.ActiveCfg = Debug|Win32
		{81FAE511-768A-4F34-A3CD-2C5F7F70F4F9}.Debug|x86.Build.0 = Debug|Win32
		{81FAE511-768A-4F34-A3CD-2C5F7F70F4F9}.Release|x64.ActiveCfg = Release|x64
		{81FAE511-768A-4F34-A3CD-2C5F7F70F4F9}.Release|x64.Build.0 = Release|x64
		{81FAE511-768A-4F34-A3CD-2C5F7F70F4F9}.Release|x86.ActiveCfg = Release|Win32
		{81FAE511-768A-4F34-A3CD-2C5F7F70F4F9}.Release|x86.Build.0 = Release|Win32
		{0A17F459-46BB-4BB5-99C8-B00221F289BB}.Debug|x64.ActiveCfg = Debug|x64
		{0A17F459-46BB-4BB5-99C8-B00221F289BB}.Debug|x64.Build.0 = Debug|x64
		{0A17F459-46BB-4BB5-99C8-B00221F289BB}.Debug|x86.ActiveCfg = Debug|Win32
		{0A17F459-46BB-4BB5-99C8-B00221F289BB}.Debug|x86.Build.0 = Debug|Win32
		{0A17F459-46BB-4BB5-99C8-B00221F289BB}.Release|x64.ActiveCfg = Release|x64
		{0A17F459-46BB-4BB5-99C8-B00221F289BB}.Release|x64.Build.0 = Release|x64
		{0A17F459-46BB-4BB5-99C8-B00221F289BB}.Release|x86.ActiveCfg = Release|Win32
		{0A17F459-46BB-4BB5-99C8-B00221F289BB}.Release|x86.Build.0 = Release|Win32
		{B1554D58-1B6B-47C1-9B89-B12E23E6D397}.Debug|x64.ActiveCfg = Debug|x64
		{B1554D58-1B6B-47C1-9B89-B12E23E6D397}.Debug|x64.Build.0 = Debug|x64
		{B1554D58-1B6B-47C1-9B89-B12E23E6D397}.Debug|x86.ActiveCfg = Debug|Win32
		{B1554D58-1B6B-47C1-9B89-B12E23E6D397}.Debug|x86.Build.0 = Debug|Win32
		{B1554D58-1B6B-47C1-9B89-B12E23E6D397}.Release|x64.ActiveCfg = Release|x64
		{B1554D58-1B6B-47C1-9B89-B12E23E6D397}.Release|x64.Build.0 = Release|x64
		{B1554D58-1B6B-47C1-9B89-B12E23E6D397}.Release|x86.ActiveCfg = Release|Win32
		{B1554D58-1B6B-47C1-9B89-B12E23E6D397}.Release|x86.Build.0 = Release|Win32
		{904A8584-E0BD-452F-BC12-E8ED73DF06D7}.Debug|x64.ActiveCfg = Debug|x64
		{904A8584-E0BD-452F-BC12-E8ED73DF06D7}.Debug|x64.Build.0 = Debug|x64
		{904A8584-E0BD-452F-BC12-E8ED73DF06D7}.Debug|x86.ActiveCfg = Debug|Win32
		{904A8584-E0BD-452F-BC12-E8ED73DF06D7}.Debug|x86.Build.0 = Debug|Win32
		{904A8584-E0BD-452F-BC12-E8ED73DF06D7}.Release|x64.ActiveCfg = Release|x64
		{904A8584-E0BD-452F-BC12-E8ED73DF06D7}.Release|x64.Build.0 = Release|x64
		{904A8584-E0BD-452F-BC12-E8ED73DF06D7}.Release|x86.ActiveCfg = Release|Win32
		{904A8584-E0BD-452F-BC12-E8ED73DF06D7}.Release|x86.Build.0 = Release|Win32
		{29E3AED5-4506-492A-ACFD-0B204A5F1316}.Debug|x64.ActiveCfg = Debug|x64
		{29E3AED5-4506-492A-ACFD-0B204A5F1316}.Debug|x64.Build.0 = Debug|x64
		{29E3AED5-4506-492A-ACFD-0B204A5F1316}.Debug|x86.ActiveCfg = Debug|Win32
		{29E3AED5-4506-492A-ACFD-0B204A5F1316}.Debug|x86.Build.0 = Debug|Win32
		{29E3AED5-4506-492A-ACFD-0B204A5F1316}.Release|x64.ActiveCfg = Release|x64
		{29E3AED5-4506-492A-ACFD-0B204A5F1316}.Release|x64.Build.0 = Release|x64
		{29E3AED5-4506-492A-ACFD-0B204A5F1316}.Release|x86.ActiveCfg = Release|Win32
		{29E3AED5-4506-492A-ACFD-0B204A5F1316}.Release|x86.Build.0 = Release|Win32
		{0E4ACB68-F38C-47A0-8B8E-13FA7B52BB6C}.Debug|x64.ActiveCfg = Debug|x64
		{0E4ACB68-F38C-47A0-8B8E-13FA7B52BB6C}.Debug|x64.Build.0 = Debug|x64
		{0E4ACB68-F38C-47A0-8B8E-13FA7B52BB6C}.Debug|x86.ActiveCfg = Debug|Win32
		{0E4ACB68-F38C-47A0-8B8E-13FA7B52BB6C}.Debug|x86.Build.0 = Debug|Win32
		{0E4ACB68-F38C-47A0-8B8E-13FA7B52BB6C}.Release|x64.ActiveCfg = Release|x64
		{0E4ACB68-F38C-47A0-8B8E-13FA7B52BB6C}.Release|x64.Build.0 = Release|x64
		{0E4ACB68-F38C-47A0-8B8E-13FA7B52BB6C}.Release|x86.ActiveCfg = Release|Win32
		{0E4ACB68-F38C-47A0-8B8E-13FA7B52BB6C}.Release|x86.Build.0 = Release|Win32
		{028B6B7A-695D-4F9F-89B1-7E30B9E2D1B3}.Debug|x64.ActiveCfg = Debug|x64
		{028B6B7A-695D-4F9F-89B1-7E30B9E2D1B3}.Debug|x64.Build.0 = Debug|x64
		{028B6B7A-695D-4F9F-89B1-7E30B9E2D1B3}.Debug|x86.ActiveCfg = Debug|Win32
		{028B6B7A-695D-4F9F-89B1-7E30B9E2D1B3}.Debug|x86.Build.0 = Debug|Win32
		{028B6B7A-695D-4F9F-89B1-7E30B9E2D1B3}.Release|x64.ActiveCfg = Release|x64
		{028B6B7A-695D-4F9F-89B1-7E30B9E2D1B3}.Release|x64.Build.0 = Release|x64
		{028B6B7A-695D-4F9F-89B1-7E30B9E2D1B3}.Release|x86.ActiveCfg = Release|Win32
		{028B6B7A-695D-4F9F-89B1-7E30B9E2D1B3}.Release|x86.Build.0 = Release|Win32
		{E846E544-990E-4B14-99B0-A33A520CDA37}.Debug|x64.ActiveCfg = Debug|x64
		{E846E544-990E-4B14-99B0-A33A520CDA37}.Debug|x64.Build.0 = Debug|x64
		{E846E544-990E-4B14-99B0-A33A520CDA37}.Debug|x86.ActiveCfg = Debug|Win32
		{E846E544-990E-4B14-99B0-A33A520CDA37}.Debug|x86.Build.0 = Debug|Win32
		{E846E544-990E-4B14-99B0-A33A520CDA37}.Release|x64.ActiveCfg = Release|x64
		{E846E544-990E-4B14-99B0-A33A520CDA37}.Release|x64.Build.0 = Release|x64
		{E846E544-990E-4B14-99B0-A33A520CDA37}.Release|x86.ActiveCfg = Release|Win32
		{E846E544-990E-4B14-99B0-A33A520CDA37}.Release|x86.Build.0 = Release|Win32
		{F8DE7C0B-81AF-4E28-A8AB-D871A1A63262}.Debug|x64.ActiveCfg = Debug|x64
		{F8DE7C0B-81AF-4E28-A8AB-D871A1A63262}.Debug|x64.Build.0 = Debug|x64
		{F8DE7C0B-81AF-4E28-A8AB-D871A1A63262}.Debug|x86.ActiveCfg = Debug|Win32
		{F8DE7C0B-81AF-4E28-A8AB-D871A1A63262}.Debug|x86.Build.0 = Debug|Win32
		{F8DE7C0B-81AF-4E28-A8AB-D871A1A63262}.Release|x64.ActiveCfg = Release|x64
		{F8DE7C0B-81AF-4E28-A8AB-D871A1A63262}.Release|x64.Build.0 = Release|x64
		{F8DE7C0B-81AF-4E28-A8AB-D871A1A63262}.Release|x86.ActiveCfg = Release|Win32
		{F8DE7C0B-81AF-4E28-A8AB-D871A1A63262}.Release|x86.Build.0 = Release|Win32
		{7ADF14A9-E3AE-463D-8F4C-588870377AB1}.Debug|x64.ActiveCfg = Debug|x64
		{7ADF14A9-E3AE-463D-8F4C-588870377AB1}.Debug|x64.Build.0 = Debug|x64
		{7ADF14A9-E3AE-463D-8F4C-588870377AB1}.Debug|x86.ActiveCfg = Debug|Win32
		{7ADF14A9-E3AE-463D-8F4C-588870377AB1}.Debug|x86.Build.0 = Debug|Win32
		{7ADF14A9-E3AE-463D-8F4C-588870377AB1}.Release|x64.ActiveCfg = Release|x64
		{7ADF14A9-E3AE-463D-8F4C-588870377AB1}.Release|x64.Build.0 = Release|x64
		{7ADF14A9-E3AE-463D-8F4C-588870377AB1}.Release|x86.ActiveCfg = Release|Win32
		{7ADF14A9-E3AE-463D-8F4C-588870377AB1}.Release|x86.Build.0 = Release|Win32
	EndGlobalSection
	GlobalSection(SolutionProperties) = preSolution
		HideSolutionNode = FALSE
	EndGlobalSection
	GlobalSection(ExtensibilityGlobals) = postSolution
		SolutionGuid = {157ED797-3273-476F-B4CA-7CB538F722B1}
	EndGlobalSection
EndGlobal
