<?xml version="1.0" encoding="utf-8"?>
<Project ToolsVersion="4.0" xmlns="http://schemas.microsoft.com/developer/msbuild/2003">
  <ItemGroup>
    <ClCompile Include="..\libs\c\glad.c" />
    <ClCompile Include="HelloTriangle_Exercise2.cpp">
      <Filter>源文件</Filter>
    </ClCompile>
  </ItemGroup>
  <ItemGroup>
    <None Include="ReadMe.md" />
  </ItemGroup>
  <ItemGroup>
    <Filter Include="头文件">
      <UniqueIdentifier>{4cd5af4c-fd6c-4b32-a491-f4a80c95ca7d}</UniqueIdentifier>
    </Filter>
    <Filter Include="源文件">
      <UniqueIdentifier>{5e74518b-0fba-4cc1-8570-ad8c9f0df573}</UniqueIdentifier>
    </Filter>
  </ItemGroup>
  <ItemGroup>
    <ClInclude Include="HelloTriangle_Exercise2.h">
      <Filter>头文件</Filter>
    </ClInclude>
  </ItemGroup>
</Project>