<?xml version="1.0" encoding="utf-8"?>
<Project ToolsVersion="4.0" xmlns="http://schemas.microsoft.com/developer/msbuild/2003">
  <ItemGroup>
    <ClCompile Include="ShaderInterpolation.cpp">
      <Filter>源文件</Filter>
    </ClCompile>
    <ClCompile Include="..\includes\glad\glad.c">
      <Filter>资源文件</Filter>
    </ClCompile>
  </ItemGroup>
  <ItemGroup>
    <None Include="ReadMe.md" />
  </ItemGroup>
  <ItemGroup>
    <Filter Include="头文件">
      <UniqueIdentifier>{871aee5b-7bd2-47a7-91b2-d0866ca479ea}</UniqueIdentifier>
    </Filter>
    <Filter Include="源文件">
      <UniqueIdentifier>{da230ea1-742d-45e2-a16d-8acbf20b964e}</UniqueIdentifier>
    </Filter>
    <Filter Include="资源文件">
      <UniqueIdentifier>{fd8ec6b0-575e-4e9b-abe9-4c9937a92f5d}</UniqueIdentifier>
    </Filter>
  </ItemGroup>
  <ItemGroup>
    <ClInclude Include="ShaderInterpolation.h">
      <Filter>头文件</Filter>
    </ClInclude>
  </ItemGroup>
</Project>